// !$*UTF8*$!
{
	archiveVersion = 1;
	classes = {
	};
	objectVersion = 46;
	objects = {

/* Begin PBXBuildFile section */
		D7193FE41B1E2ADE0027ACBB /* stb_image.c in Sources */ = {isa = PBXBuildFile; fileRef = D7193F991B1E2ADE0027ACBB /* stb_image.c */; };
		D7193FE51B1E2ADE0027ACBB /* stb_image.h in Headers */ = {isa = PBXBuildFile; fileRef = D7193F9A1B1E2ADE0027ACBB /* stb_image.h */; };
		D7193FE71B1E2B330027ACBB /* OpenGL.framework in Frameworks */ = {isa = PBXBuildFile; fileRef = D7193FE61B1E2B330027ACBB /* OpenGL.framework */; };
		D7193FEA1B1E2B3A0027ACBB /* libglfw3.3.1.dylib in Frameworks */ = {isa = PBXBuildFile; fileRef = D7193FE81B1E2B3A0027ACBB /* libglfw3.3.1.dylib */; };
		D7193FEB1B1E2B3A0027ACBB /* libGLEW.1.11.0.dylib in Frameworks */ = {isa = PBXBuildFile; fileRef = D7193FE91B1E2B3A0027ACBB /* libGLEW.1.11.0.dylib */; };
		D71940521B1E2EA80027ACBB /* lotus_window.hpp in Headers */ = {isa = PBXBuildFile; fileRef = D719400A1B1E2EA80027ACBB /* lotus_window.hpp */; };
		D71940531B1E2EA80027ACBB /* lotus_window.cpp in Sources */ = {isa = PBXBuildFile; fileRef = D719400B1B1E2EA80027ACBB /* lotus_window.cpp */; };
		D71940541B1E2EA80027ACBB /* lotus_vertex.hpp in Headers */ = {isa = PBXBuildFile; fileRef = D719400C1B1E2EA80027ACBB /* lotus_vertex.hpp */; };
		D71940551B1E2EA80027ACBB /* lotus_vec4.hpp in Headers */ = {isa = PBXBuildFile; fileRef = D719400D1B1E2EA80027ACBB /* lotus_vec4.hpp */; };
		D71940561B1E2EA80027ACBB /* lotus_vec4.cpp in Sources */ = {isa = PBXBuildFile; fileRef = D719400E1B1E2EA80027ACBB /* lotus_vec4.cpp */; };
		D71940571B1E2EA80027ACBB /* lotus_vec3.hpp in Headers */ = {isa = PBXBuildFile; fileRef = D719400F1B1E2EA80027ACBB /* lotus_vec3.hpp */; };
		D71940581B1E2EA80027ACBB /* lotus_vec3.cpp in Sources */ = {isa = PBXBuildFile; fileRef = D71940101B1E2EA80027ACBB /* lotus_vec3.cpp */; };
		D71940591B1E2EA80027ACBB /* lotus_vec2.hpp in Headers */ = {isa = PBXBuildFile; fileRef = D71940111B1E2EA80027ACBB /* lotus_vec2.hpp */; };
		D719405A1B1E2EA80027ACBB /* lotus_vec2.cpp in Sources */ = {isa = PBXBuildFile; fileRef = D71940121B1E2EA80027ACBB /* lotus_vec2.cpp */; };
		D719405B1B1E2EA80027ACBB /* lotus_transform.hpp in Headers */ = {isa = PBXBuildFile; fileRef = D71940131B1E2EA80027ACBB /* lotus_transform.hpp */; };
		D719405C1B1E2EA80027ACBB /* lotus_transform.cpp in Sources */ = {isa = PBXBuildFile; fileRef = D71940141B1E2EA80027ACBB /* lotus_transform.cpp */; };
		D719405D1B1E2EA80027ACBB /* lotus_time.hpp in Headers */ = {isa = PBXBuildFile; fileRef = D71940151B1E2EA80027ACBB /* lotus_time.hpp */; };
		D719405E1B1E2EA80027ACBB /* lotus_texture.hpp in Headers */ = {isa = PBXBuildFile; fileRef = D71940161B1E2EA80027ACBB /* lotus_texture.hpp */; };
		D719405F1B1E2EA80027ACBB /* lotus_texture.cpp in Sources */ = {isa = PBXBuildFile; fileRef = D71940171B1E2EA80027ACBB /* lotus_texture.cpp */; };
		D71940601B1E2EA80027ACBB /* lotus_stringutils.hpp in Headers */ = {isa = PBXBuildFile; fileRef = D71940181B1E2EA80027ACBB /* lotus_stringutils.hpp */; };
		D71940611B1E2EA80027ACBB /* lotus_stringutils.cpp in Sources */ = {isa = PBXBuildFile; fileRef = D71940191B1E2EA80027ACBB /* lotus_stringutils.cpp */; };
		D71940621B1E2EA80027ACBB /* lotus_simpleshader.hpp in Headers */ = {isa = PBXBuildFile; fileRef = D719401A1B1E2EA80027ACBB /* lotus_simpleshader.hpp */; };
		D71940631B1E2EA80027ACBB /* lotus_simpleshader.cpp in Sources */ = {isa = PBXBuildFile; fileRef = D719401B1B1E2EA80027ACBB /* lotus_simpleshader.cpp */; };
		D71940641B1E2EA80027ACBB /* lotus_simplerenderer3d.hpp in Headers */ = {isa = PBXBuildFile; fileRef = D719401C1B1E2EA80027ACBB /* lotus_simplerenderer3d.hpp */; };
		D71940651B1E2EA80027ACBB /* lotus_simplerenderer3d.cpp in Sources */ = {isa = PBXBuildFile; fileRef = D719401D1B1E2EA80027ACBB /* lotus_simplerenderer3d.cpp */; };
		D71940661B1E2EA80027ACBB /* lotus_shader.hpp in Headers */ = {isa = PBXBuildFile; fileRef = D719401E1B1E2EA80027ACBB /* lotus_shader.hpp */; };
		D71940671B1E2EA80027ACBB /* lotus_shader.cpp in Sources */ = {isa = PBXBuildFile; fileRef = D719401F1B1E2EA80027ACBB /* lotus_shader.cpp */; };
		D71940681B1E2EA80027ACBB /* lotus_quat.hpp in Headers */ = {isa = PBXBuildFile; fileRef = D71940201B1E2EA80027ACBB /* lotus_quat.hpp */; };
		D71940691B1E2EA80027ACBB /* lotus_quat.cpp in Sources */ = {isa = PBXBuildFile; fileRef = D71940211B1E2EA80027ACBB /* lotus_quat.cpp */; };
		D719406A1B1E2EA80027ACBB /* lotus_phongshader.hpp in Headers */ = {isa = PBXBuildFile; fileRef = D71940221B1E2EA80027ACBB /* lotus_phongshader.hpp */; };
		D719406B1B1E2EA80027ACBB /* lotus_phongshader.cpp in Sources */ = {isa = PBXBuildFile; fileRef = D71940231B1E2EA80027ACBB /* lotus_phongshader.cpp */; };
		D719406C1B1E2EA80027ACBB /* lotus_phongrenderer3d.hpp in Headers */ = {isa = PBXBuildFile; fileRef = D71940241B1E2EA80027ACBB /* lotus_phongrenderer3d.hpp */; };
		D719406D1B1E2EA80027ACBB /* lotus_phongrenderer3d.cpp in Sources */ = {isa = PBXBuildFile; fileRef = D71940251B1E2EA80027ACBB /* lotus_phongrenderer3d.cpp */; };
		D719406E1B1E2EA80027ACBB /* lotus_objloader.hpp in Headers */ = {isa = PBXBuildFile; fileRef = D71940261B1E2EA80027ACBB /* lotus_objloader.hpp */; };
		D719406F1B1E2EA80027ACBB /* lotus_objloader.cpp in Sources */ = {isa = PBXBuildFile; fileRef = D71940271B1E2EA80027ACBB /* lotus_objloader.cpp */; };
		D71940741B1E2EA80027ACBB /* lotus_maths.hpp in Headers */ = {isa = PBXBuildFile; fileRef = D719402C1B1E2EA80027ACBB /* lotus_maths.hpp */; };
		D71940751B1E2EA80027ACBB /* lotus_material.hpp in Headers */ = {isa = PBXBuildFile; fileRef = D719402D1B1E2EA80027ACBB /* lotus_material.hpp */; };
		D71940761B1E2EA80027ACBB /* lotus_material.cpp in Sources */ = {isa = PBXBuildFile; fileRef = D719402E1B1E2EA80027ACBB /* lotus_material.cpp */; };
		D71940771B1E2EA80027ACBB /* lotus_mat4.hpp in Headers */ = {isa = PBXBuildFile; fileRef = D719402F1B1E2EA80027ACBB /* lotus_mat4.hpp */; };
		D71940781B1E2EA80027ACBB /* lotus_mat4.cpp in Sources */ = {isa = PBXBuildFile; fileRef = D71940301B1E2EA80027ACBB /* lotus_mat4.cpp */; };
		D71940791B1E2EA80027ACBB /* lotus_lighting.hpp in Headers */ = {isa = PBXBuildFile; fileRef = D71940311B1E2EA80027ACBB /* lotus_lighting.hpp */; };
		D719407A1B1E2EA80027ACBB /* lotus_lighting.cpp in Sources */ = {isa = PBXBuildFile; fileRef = D71940321B1E2EA80027ACBB /* lotus_lighting.cpp */; };
		D719407B1B1E2EA80027ACBB /* lotus_layer.hpp in Headers */ = {isa = PBXBuildFile; fileRef = D71940331B1E2EA80027ACBB /* lotus_layer.hpp */; };
		D719407C1B1E2EA80027ACBB /* lotus_layer.cpp in Sources */ = {isa = PBXBuildFile; fileRef = D71940341B1E2EA80027ACBB /* lotus_layer.cpp */; };
		D719407D1B1E2EA80027ACBB /* lotus_irenderer.hpp in Headers */ = {isa = PBXBuildFile; fileRef = D71940351B1E2EA80027ACBB /* lotus_irenderer.hpp */; };
		D719407E1B1E2EA80027ACBB /* lotus_input.hpp in Headers */ = {isa = PBXBuildFile; fileRef = D71940361B1E2EA80027ACBB /* lotus_input.hpp */; };
		D719407F1B1E2EA80027ACBB /* lotus_input.cpp in Sources */ = {isa = PBXBuildFile; fileRef = D71940371B1E2EA80027ACBB /* lotus_input.cpp */; };
		D71940801B1E2EA80027ACBB /* lotus_indexedmodel.hpp in Headers */ = {isa = PBXBuildFile; fileRef = D71940381B1E2EA80027ACBB /* lotus_indexedmodel.hpp */; };
		D71940811B1E2EA80027ACBB /* lotus_indexedmodel.cpp in Sources */ = {isa = PBXBuildFile; fileRef = D71940391B1E2EA80027ACBB /* lotus_indexedmodel.cpp */; };
		D71940821B1E2EA80027ACBB /* lotus_igame.hpp in Headers */ = {isa = PBXBuildFile; fileRef = D719403A1B1E2EA80027ACBB /* lotus_igame.hpp */; };
		D71940831B1E2EA80027ACBB /* lotus_freemove.hpp in Headers */ = {isa = PBXBuildFile; fileRef = D719403B1B1E2EA80027ACBB /* lotus_freemove.hpp */; };
		D71940841B1E2EA80027ACBB /* lotus_freemove.cpp in Sources */ = {isa = PBXBuildFile; fileRef = D719403C1B1E2EA80027ACBB /* lotus_freemove.cpp */; };
		D71940851B1E2EA80027ACBB /* lotus_freelook.hpp in Headers */ = {isa = PBXBuildFile; fileRef = D719403D1B1E2EA80027ACBB /* lotus_freelook.hpp */; };
		D71940861B1E2EA80027ACBB /* lotus_freelook.cpp in Sources */ = {isa = PBXBuildFile; fileRef = D719403E1B1E2EA80027ACBB /* lotus_freelook.cpp */; };
		D71940871B1E2EA80027ACBB /* lotus_forwardspot.hpp in Headers */ = {isa = PBXBuildFile; fileRef = D719403F1B1E2EA80027ACBB /* lotus_forwardspot.hpp */; };
		D71940881B1E2EA80027ACBB /* lotus_forwardspot.cpp in Sources */ = {isa = PBXBuildFile; fileRef = D71940401B1E2EA80027ACBB /* lotus_forwardspot.cpp */; };
		D71940891B1E2EA80027ACBB /* lotus_forwardrenderer3d.hpp in Headers */ = {isa = PBXBuildFile; fileRef = D71940411B1E2EA80027ACBB /* lotus_forwardrenderer3d.hpp */; };
		D719408A1B1E2EA80027ACBB /* lotus_forwardrenderer3d.cpp in Sources */ = {isa = PBXBuildFile; fileRef = D71940421B1E2EA80027ACBB /* lotus_forwardrenderer3d.cpp */; };
		D719408B1B1E2EA80027ACBB /* lotus_forwardpoint.hpp in Headers */ = {isa = PBXBuildFile; fileRef = D71940431B1E2EA80027ACBB /* lotus_forwardpoint.hpp */; };
		D719408C1B1E2EA80027ACBB /* lotus_forwardpoint.cpp in Sources */ = {isa = PBXBuildFile; fileRef = D71940441B1E2EA80027ACBB /* lotus_forwardpoint.cpp */; };
		D719408D1B1E2EA80027ACBB /* lotus_forwarddirectional.hpp in Headers */ = {isa = PBXBuildFile; fileRef = D71940451B1E2EA80027ACBB /* lotus_forwarddirectional.hpp */; };
		D719408E1B1E2EA80027ACBB /* lotus_forwarddirectional.cpp in Sources */ = {isa = PBXBuildFile; fileRef = D71940461B1E2EA80027ACBB /* lotus_forwarddirectional.cpp */; };
		D719408F1B1E2EA80027ACBB /* lotus_forwardambient.hpp in Headers */ = {isa = PBXBuildFile; fileRef = D71940471B1E2EA80027ACBB /* lotus_forwardambient.hpp */; };
		D71940901B1E2EA80027ACBB /* lotus_forwardambient.cpp in Sources */ = {isa = PBXBuildFile; fileRef = D71940481B1E2EA80027ACBB /* lotus_forwardambient.cpp */; };
		D71940911B1E2EA80027ACBB /* lotus_fileutils.hpp in Headers */ = {isa = PBXBuildFile; fileRef = D71940491B1E2EA80027ACBB /* lotus_fileutils.hpp */; };
		D71940921B1E2EA80027ACBB /* lotus_fileutils.cpp in Sources */ = {isa = PBXBuildFile; fileRef = D719404A1B1E2EA80027ACBB /* lotus_fileutils.cpp */; };
		D71940931B1E2EA80027ACBB /* lotus_entitycomponent.hpp in Headers */ = {isa = PBXBuildFile; fileRef = D719404B1B1E2EA80027ACBB /* lotus_entitycomponent.hpp */; };
		D71940941B1E2EA80027ACBB /* lotus_entity.hpp in Headers */ = {isa = PBXBuildFile; fileRef = D719404C1B1E2EA80027ACBB /* lotus_entity.hpp */; };
		D71940951B1E2EA80027ACBB /* lotus_entity.cpp in Sources */ = {isa = PBXBuildFile; fileRef = D719404D1B1E2EA80027ACBB /* lotus_entity.cpp */; };
		D71940961B1E2EA80027ACBB /* lotus_engine.hpp in Headers */ = {isa = PBXBuildFile; fileRef = D719404E1B1E2EA80027ACBB /* lotus_engine.hpp */; };
		D71940971B1E2EA80027ACBB /* lotus_engine.cpp in Sources */ = {isa = PBXBuildFile; fileRef = D719404F1B1E2EA80027ACBB /* lotus_engine.cpp */; };
		D71940981B1E2EA80027ACBB /* lotus_camera.hpp in Headers */ = {isa = PBXBuildFile; fileRef = D71940501B1E2EA80027ACBB /* lotus_camera.hpp */; };
		D71940991B1E2EA80027ACBB /* lotus_camera.cpp in Sources */ = {isa = PBXBuildFile; fileRef = D71940511B1E2EA80027ACBB /* lotus_camera.cpp */; };
		D7C4D6721B2D96D6003C628A /* lotus_renderable.cpp in Sources */ = {isa = PBXBuildFile; fileRef = D7C4D6701B2D96D6003C628A /* lotus_renderable.cpp */; };
		D7C4D6731B2D96D6003C628A /* lotus_renderable.hpp in Headers */ = {isa = PBXBuildFile; fileRef = D7C4D6711B2D96D6003C628A /* lotus_renderable.hpp */; };
		D7C4D6761B2D96E1003C628A /* lotus_renderablecomponent.cpp in Sources */ = {isa = PBXBuildFile; fileRef = D7C4D6741B2D96E1003C628A /* lotus_renderablecomponent.cpp */; };
		D7C4D6771B2D96E1003C628A /* lotus_renderablecomponent.hpp in Headers */ = {isa = PBXBuildFile; fileRef = D7C4D6751B2D96E1003C628A /* lotus_renderablecomponent.hpp */; };
		D7C4D6791B2E19B1003C628A /* lotus.hpp in Headers */ = {isa = PBXBuildFile; fileRef = D7C4D6781B2E19B1003C628A /* lotus.hpp */; settings = {ATTRIBUTES = (Public, ); }; };
		D7EB2C691B1E38BA00E9B597 /* black.png in CopyFiles */ = {isa = PBXBuildFile; fileRef = D7EB2C571B1E38A300E9B597 /* black.png */; };
		D7EB2C6A1B1E38BA00E9B597 /* default.png in CopyFiles */ = {isa = PBXBuildFile; fileRef = D7EB2C581B1E38A300E9B597 /* default.png */; };
		D7EB2C6B1B1E38BA00E9B597 /* default_disp.png in CopyFiles */ = {isa = PBXBuildFile; fileRef = D7EB2C591B1E38A300E9B597 /* default_disp.png */; };
		D7EB2C6C1B1E38BA00E9B597 /* default_normal.png in CopyFiles */ = {isa = PBXBuildFile; fileRef = D7EB2C5A1B1E38A300E9B597 /* default_normal.png */; };
		D7EB2C6D1B1E38BA00E9B597 /* white.png in CopyFiles */ = {isa = PBXBuildFile; fileRef = D7EB2C5B1B1E38A300E9B597 /* white.png */; };
		D7EB2C6F1B1E38C800E9B597 /* forward_ambient-frag.glsl in CopyFiles */ = {isa = PBXBuildFile; fileRef = D7EB2C5D1B1E38A300E9B597 /* forward_ambient-frag.glsl */; };
		D7EB2C701B1E38C800E9B597 /* forward_directional-frag.glsl in CopyFiles */ = {isa = PBXBuildFile; fileRef = D7EB2C5E1B1E38A300E9B597 /* forward_directional-frag.glsl */; };
		D7EB2C711B1E38C800E9B597 /* forward_main-frag.glsl in CopyFiles */ = {isa = PBXBuildFile; fileRef = D7EB2C5F1B1E38A300E9B597 /* forward_main-frag.glsl */; };
		D7EB2C721B1E38C800E9B597 /* forward_point-frag.glsl in CopyFiles */ = {isa = PBXBuildFile; fileRef = D7EB2C601B1E38A300E9B597 /* forward_point-frag.glsl */; };
		D7EB2C731B1E38C800E9B597 /* forward_sampling.glsl in CopyFiles */ = {isa = PBXBuildFile; fileRef = D7EB2C611B1E38A300E9B597 /* forward_sampling.glsl */; };
		D7EB2C741B1E38C800E9B597 /* forward_shared-frag.glsl in CopyFiles */ = {isa = PBXBuildFile; fileRef = D7EB2C621B1E38A300E9B597 /* forward_shared-frag.glsl */; };
		D7EB2C751B1E38C800E9B597 /* forward_shared-vert.glsl in CopyFiles */ = {isa = PBXBuildFile; fileRef = D7EB2C631B1E38A300E9B597 /* forward_shared-vert.glsl */; };
		D7EB2C761B1E38C800E9B597 /* forward_spot-frag.glsl in CopyFiles */ = {isa = PBXBuildFile; fileRef = D7EB2C641B1E38A300E9B597 /* forward_spot-frag.glsl */; };
		D7EB2C771B1E38C800E9B597 /* lighting.glsl in CopyFiles */ = {isa = PBXBuildFile; fileRef = D7EB2C651B1E38A300E9B597 /* lighting.glsl */; };
		D7EB2C781B1E38C800E9B597 /* phong-frag.glsl in CopyFiles */ = {isa = PBXBuildFile; fileRef = D7EB2C661B1E38A300E9B597 /* phong-frag.glsl */; };
		D7EB2C791B1E38C800E9B597 /* simple-frag.glsl in CopyFiles */ = {isa = PBXBuildFile; fileRef = D7EB2C671B1E38A300E9B597 /* simple-frag.glsl */; };
		D7EB2C7A1B1E38C800E9B597 /* simple-vert.glsl in CopyFiles */ = {isa = PBXBuildFile; fileRef = D7EB2C681B1E38A300E9B597 /* simple-vert.glsl */; };
/* End PBXBuildFile section */

/* Begin PBXCopyFilesBuildPhase section */
		D7EB2C551B1E389100E9B597 /* CopyFiles */ = {
			isa = PBXCopyFilesBuildPhase;
			buildActionMask = 2147483647;
			dstPath = res/textures;
			dstSubfolderSpec = 16;
			files = (
				D7EB2C691B1E38BA00E9B597 /* black.png in CopyFiles */,
				D7EB2C6A1B1E38BA00E9B597 /* default.png in CopyFiles */,
				D7EB2C6B1B1E38BA00E9B597 /* default_disp.png in CopyFiles */,
				D7EB2C6C1B1E38BA00E9B597 /* default_normal.png in CopyFiles */,
				D7EB2C6D1B1E38BA00E9B597 /* white.png in CopyFiles */,
			);
			runOnlyForDeploymentPostprocessing = 0;
		};
		D7EB2C6E1B1E38BF00E9B597 /* CopyFiles */ = {
			isa = PBXCopyFilesBuildPhase;
			buildActionMask = 2147483647;
			dstPath = res/shaders;
			dstSubfolderSpec = 7;
			files = (
				D7EB2C6F1B1E38C800E9B597 /* forward_ambient-frag.glsl in CopyFiles */,
				D7EB2C701B1E38C800E9B597 /* forward_directional-frag.glsl in CopyFiles */,
				D7EB2C711B1E38C800E9B597 /* forward_main-frag.glsl in CopyFiles */,
				D7EB2C721B1E38C800E9B597 /* forward_point-frag.glsl in CopyFiles */,
				D7EB2C731B1E38C800E9B597 /* forward_sampling.glsl in CopyFiles */,
				D7EB2C741B1E38C800E9B597 /* forward_shared-frag.glsl in CopyFiles */,
				D7EB2C751B1E38C800E9B597 /* forward_shared-vert.glsl in CopyFiles */,
				D7EB2C761B1E38C800E9B597 /* forward_spot-frag.glsl in CopyFiles */,
				D7EB2C771B1E38C800E9B597 /* lighting.glsl in CopyFiles */,
				D7EB2C781B1E38C800E9B597 /* phong-frag.glsl in CopyFiles */,
				D7EB2C791B1E38C800E9B597 /* simple-frag.glsl in CopyFiles */,
				D7EB2C7A1B1E38C800E9B597 /* simple-vert.glsl in CopyFiles */,
			);
			runOnlyForDeploymentPostprocessing = 0;
		};
/* End PBXCopyFilesBuildPhase section */

/* Begin PBXFileReference section */
		D7193F381B1E2AC00027ACBB /* libLotusEngine.a */ = {isa = PBXFileReference; explicitFileType = archive.ar; includeInIndex = 0; path = libLotusEngine.a; sourceTree = BUILT_PRODUCTS_DIR; };
		D7193F991B1E2ADE0027ACBB /* stb_image.c */ = {isa = PBXFileReference; fileEncoding = 4; lastKnownFileType = sourcecode.c.c; path = stb_image.c; sourceTree = "<group>"; };
		D7193F9A1B1E2ADE0027ACBB /* stb_image.h */ = {isa = PBXFileReference; fileEncoding = 4; lastKnownFileType = sourcecode.c.h; path = stb_image.h; sourceTree = "<group>"; };
		D7193FE61B1E2B330027ACBB /* OpenGL.framework */ = {isa = PBXFileReference; lastKnownFileType = wrapper.framework; name = OpenGL.framework; path = System/Library/Frameworks/OpenGL.framework; sourceTree = SDKROOT; };
		D7193FE81B1E2B3A0027ACBB /* libglfw3.3.1.dylib */ = {isa = PBXFileReference; lastKnownFileType = "compiled.mach-o.dylib"; name = libglfw3.3.1.dylib; path = ../Dependencies/lib/libglfw3.3.1.dylib; sourceTree = "<group>"; };
		D7193FE91B1E2B3A0027ACBB /* libGLEW.1.11.0.dylib */ = {isa = PBXFileReference; lastKnownFileType = "compiled.mach-o.dylib"; name = libGLEW.1.11.0.dylib; path = ../Dependencies/lib/libGLEW.1.11.0.dylib; sourceTree = "<group>"; };
		D719400A1B1E2EA80027ACBB /* lotus_window.hpp */ = {isa = PBXFileReference; fileEncoding = 4; lastKnownFileType = sourcecode.cpp.h; path = lotus_window.hpp; sourceTree = "<group>"; };
		D719400B1B1E2EA80027ACBB /* lotus_window.cpp */ = {isa = PBXFileReference; fileEncoding = 4; lastKnownFileType = sourcecode.cpp.cpp; path = lotus_window.cpp; sourceTree = "<group>"; };
		D719400C1B1E2EA80027ACBB /* lotus_vertex.hpp */ = {isa = PBXFileReference; fileEncoding = 4; lastKnownFileType = sourcecode.cpp.h; path = lotus_vertex.hpp; sourceTree = "<group>"; };
		D719400D1B1E2EA80027ACBB /* lotus_vec4.hpp */ = {isa = PBXFileReference; fileEncoding = 4; lastKnownFileType = sourcecode.cpp.h; path = lotus_vec4.hpp; sourceTree = "<group>"; };
		D719400E1B1E2EA80027ACBB /* lotus_vec4.cpp */ = {isa = PBXFileReference; fileEncoding = 4; lastKnownFileType = sourcecode.cpp.cpp; path = lotus_vec4.cpp; sourceTree = "<group>"; };
		D719400F1B1E2EA80027ACBB /* lotus_vec3.hpp */ = {isa = PBXFileReference; fileEncoding = 4; lastKnownFileType = sourcecode.cpp.h; path = lotus_vec3.hpp; sourceTree = "<group>"; };
		D71940101B1E2EA80027ACBB /* lotus_vec3.cpp */ = {isa = PBXFileReference; fileEncoding = 4; lastKnownFileType = sourcecode.cpp.cpp; path = lotus_vec3.cpp; sourceTree = "<group>"; };
		D71940111B1E2EA80027ACBB /* lotus_vec2.hpp */ = {isa = PBXFileReference; fileEncoding = 4; lastKnownFileType = sourcecode.cpp.h; path = lotus_vec2.hpp; sourceTree = "<group>"; };
		D71940121B1E2EA80027ACBB /* lotus_vec2.cpp */ = {isa = PBXFileReference; fileEncoding = 4; lastKnownFileType = sourcecode.cpp.cpp; path = lotus_vec2.cpp; sourceTree = "<group>"; };
		D71940131B1E2EA80027ACBB /* lotus_transform.hpp */ = {isa = PBXFileReference; fileEncoding = 4; lastKnownFileType = sourcecode.cpp.h; path = lotus_transform.hpp; sourceTree = "<group>"; };
		D71940141B1E2EA80027ACBB /* lotus_transform.cpp */ = {isa = PBXFileReference; fileEncoding = 4; lastKnownFileType = sourcecode.cpp.cpp; path = lotus_transform.cpp; sourceTree = "<group>"; };
		D71940151B1E2EA80027ACBB /* lotus_time.hpp */ = {isa = PBXFileReference; fileEncoding = 4; lastKnownFileType = sourcecode.cpp.h; path = lotus_time.hpp; sourceTree = "<group>"; };
		D71940161B1E2EA80027ACBB /* lotus_texture.hpp */ = {isa = PBXFileReference; fileEncoding = 4; lastKnownFileType = sourcecode.cpp.h; path = lotus_texture.hpp; sourceTree = "<group>"; };
		D71940171B1E2EA80027ACBB /* lotus_texture.cpp */ = {isa = PBXFileReference; fileEncoding = 4; lastKnownFileType = sourcecode.cpp.cpp; path = lotus_texture.cpp; sourceTree = "<group>"; };
		D71940181B1E2EA80027ACBB /* lotus_stringutils.hpp */ = {isa = PBXFileReference; fileEncoding = 4; lastKnownFileType = sourcecode.cpp.h; path = lotus_stringutils.hpp; sourceTree = "<group>"; };
		D71940191B1E2EA80027ACBB /* lotus_stringutils.cpp */ = {isa = PBXFileReference; fileEncoding = 4; lastKnownFileType = sourcecode.cpp.cpp; path = lotus_stringutils.cpp; sourceTree = "<group>"; };
		D719401A1B1E2EA80027ACBB /* lotus_simpleshader.hpp */ = {isa = PBXFileReference; fileEncoding = 4; lastKnownFileType = sourcecode.cpp.h; path = lotus_simpleshader.hpp; sourceTree = "<group>"; };
		D719401B1B1E2EA80027ACBB /* lotus_simpleshader.cpp */ = {isa = PBXFileReference; fileEncoding = 4; lastKnownFileType = sourcecode.cpp.cpp; path = lotus_simpleshader.cpp; sourceTree = "<group>"; };
		D719401C1B1E2EA80027ACBB /* lotus_simplerenderer3d.hpp */ = {isa = PBXFileReference; fileEncoding = 4; lastKnownFileType = sourcecode.cpp.h; path = lotus_simplerenderer3d.hpp; sourceTree = "<group>"; };
		D719401D1B1E2EA80027ACBB /* lotus_simplerenderer3d.cpp */ = {isa = PBXFileReference; fileEncoding = 4; lastKnownFileType = sourcecode.cpp.cpp; path = lotus_simplerenderer3d.cpp; sourceTree = "<group>"; };
		D719401E1B1E2EA80027ACBB /* lotus_shader.hpp */ = {isa = PBXFileReference; fileEncoding = 4; lastKnownFileType = sourcecode.cpp.h; path = lotus_shader.hpp; sourceTree = "<group>"; };
		D719401F1B1E2EA80027ACBB /* lotus_shader.cpp */ = {isa = PBXFileReference; fileEncoding = 4; lastKnownFileType = sourcecode.cpp.cpp; path = lotus_shader.cpp; sourceTree = "<group>"; };
		D71940201B1E2EA80027ACBB /* lotus_quat.hpp */ = {isa = PBXFileReference; fileEncoding = 4; lastKnownFileType = sourcecode.cpp.h; path = lotus_quat.hpp; sourceTree = "<group>"; };
		D71940211B1E2EA80027ACBB /* lotus_quat.cpp */ = {isa = PBXFileReference; fileEncoding = 4; lastKnownFileType = sourcecode.cpp.cpp; path = lotus_quat.cpp; sourceTree = "<group>"; };
		D71940221B1E2EA80027ACBB /* lotus_phongshader.hpp */ = {isa = PBXFileReference; fileEncoding = 4; lastKnownFileType = sourcecode.cpp.h; path = lotus_phongshader.hpp; sourceTree = "<group>"; };
		D71940231B1E2EA80027ACBB /* lotus_phongshader.cpp */ = {isa = PBXFileReference; fileEncoding = 4; lastKnownFileType = sourcecode.cpp.cpp; path = lotus_phongshader.cpp; sourceTree = "<group>"; };
		D71940241B1E2EA80027ACBB /* lotus_phongrenderer3d.hpp */ = {isa = PBXFileReference; fileEncoding = 4; lastKnownFileType = sourcecode.cpp.h; path = lotus_phongrenderer3d.hpp; sourceTree = "<group>"; };
		D71940251B1E2EA80027ACBB /* lotus_phongrenderer3d.cpp */ = {isa = PBXFileReference; fileEncoding = 4; lastKnownFileType = sourcecode.cpp.cpp; path = lotus_phongrenderer3d.cpp; sourceTree = "<group>"; };
		D71940261B1E2EA80027ACBB /* lotus_objloader.hpp */ = {isa = PBXFileReference; fileEncoding = 4; lastKnownFileType = sourcecode.cpp.h; path = lotus_objloader.hpp; sourceTree = "<group>"; };
		D71940271B1E2EA80027ACBB /* lotus_objloader.cpp */ = {isa = PBXFileReference; fileEncoding = 4; lastKnownFileType = sourcecode.cpp.cpp; path = lotus_objloader.cpp; sourceTree = "<group>"; };
		D719402C1B1E2EA80027ACBB /* lotus_maths.hpp */ = {isa = PBXFileReference; fileEncoding = 4; lastKnownFileType = sourcecode.cpp.h; path = lotus_maths.hpp; sourceTree = "<group>"; };
		D719402D1B1E2EA80027ACBB /* lotus_material.hpp */ = {isa = PBXFileReference; fileEncoding = 4; lastKnownFileType = sourcecode.cpp.h; path = lotus_material.hpp; sourceTree = "<group>"; };
		D719402E1B1E2EA80027ACBB /* lotus_material.cpp */ = {isa = PBXFileReference; fileEncoding = 4; lastKnownFileType = sourcecode.cpp.cpp; path = lotus_material.cpp; sourceTree = "<group>"; };
		D719402F1B1E2EA80027ACBB /* lotus_mat4.hpp */ = {isa = PBXFileReference; fileEncoding = 4; lastKnownFileType = sourcecode.cpp.h; path = lotus_mat4.hpp; sourceTree = "<group>"; };
		D71940301B1E2EA80027ACBB /* lotus_mat4.cpp */ = {isa = PBXFileReference; fileEncoding = 4; lastKnownFileType = sourcecode.cpp.cpp; path = lotus_mat4.cpp; sourceTree = "<group>"; };
		D71940311B1E2EA80027ACBB /* lotus_lighting.hpp */ = {isa = PBXFileReference; fileEncoding = 4; lastKnownFileType = sourcecode.cpp.h; path = lotus_lighting.hpp; sourceTree = "<group>"; };
		D71940321B1E2EA80027ACBB /* lotus_lighting.cpp */ = {isa = PBXFileReference; fileEncoding = 4; lastKnownFileType = sourcecode.cpp.cpp; path = lotus_lighting.cpp; sourceTree = "<group>"; };
		D71940331B1E2EA80027ACBB /* lotus_layer.hpp */ = {isa = PBXFileReference; fileEncoding = 4; lastKnownFileType = sourcecode.cpp.h; path = lotus_layer.hpp; sourceTree = "<group>"; };
		D71940341B1E2EA80027ACBB /* lotus_layer.cpp */ = {isa = PBXFileReference; fileEncoding = 4; lastKnownFileType = sourcecode.cpp.cpp; path = lotus_layer.cpp; sourceTree = "<group>"; };
		D71940351B1E2EA80027ACBB /* lotus_irenderer.hpp */ = {isa = PBXFileReference; fileEncoding = 4; lastKnownFileType = sourcecode.cpp.h; path = lotus_irenderer.hpp; sourceTree = "<group>"; };
		D71940361B1E2EA80027ACBB /* lotus_input.hpp */ = {isa = PBXFileReference; fileEncoding = 4; lastKnownFileType = sourcecode.cpp.h; path = lotus_input.hpp; sourceTree = "<group>"; };
		D71940371B1E2EA80027ACBB /* lotus_input.cpp */ = {isa = PBXFileReference; fileEncoding = 4; lastKnownFileType = sourcecode.cpp.cpp; path = lotus_input.cpp; sourceTree = "<group>"; };
		D71940381B1E2EA80027ACBB /* lotus_indexedmodel.hpp */ = {isa = PBXFileReference; fileEncoding = 4; lastKnownFileType = sourcecode.cpp.h; path = lotus_indexedmodel.hpp; sourceTree = "<group>"; };
		D71940391B1E2EA80027ACBB /* lotus_indexedmodel.cpp */ = {isa = PBXFileReference; fileEncoding = 4; lastKnownFileType = sourcecode.cpp.cpp; path = lotus_indexedmodel.cpp; sourceTree = "<group>"; };
		D719403A1B1E2EA80027ACBB /* lotus_igame.hpp */ = {isa = PBXFileReference; fileEncoding = 4; lastKnownFileType = sourcecode.cpp.h; path = lotus_igame.hpp; sourceTree = "<group>"; };
		D719403B1B1E2EA80027ACBB /* lotus_freemove.hpp */ = {isa = PBXFileReference; fileEncoding = 4; lastKnownFileType = sourcecode.cpp.h; path = lotus_freemove.hpp; sourceTree = "<group>"; };
		D719403C1B1E2EA80027ACBB /* lotus_freemove.cpp */ = {isa = PBXFileReference; fileEncoding = 4; lastKnownFileType = sourcecode.cpp.cpp; path = lotus_freemove.cpp; sourceTree = "<group>"; };
		D719403D1B1E2EA80027ACBB /* lotus_freelook.hpp */ = {isa = PBXFileReference; fileEncoding = 4; lastKnownFileType = sourcecode.cpp.h; path = lotus_freelook.hpp; sourceTree = "<group>"; };
		D719403E1B1E2EA80027ACBB /* lotus_freelook.cpp */ = {isa = PBXFileReference; fileEncoding = 4; lastKnownFileType = sourcecode.cpp.cpp; path = lotus_freelook.cpp; sourceTree = "<group>"; };
		D719403F1B1E2EA80027ACBB /* lotus_forwardspot.hpp */ = {isa = PBXFileReference; fileEncoding = 4; lastKnownFileType = sourcecode.cpp.h; path = lotus_forwardspot.hpp; sourceTree = "<group>"; };
		D71940401B1E2EA80027ACBB /* lotus_forwardspot.cpp */ = {isa = PBXFileReference; fileEncoding = 4; lastKnownFileType = sourcecode.cpp.cpp; path = lotus_forwardspot.cpp; sourceTree = "<group>"; };
		D71940411B1E2EA80027ACBB /* lotus_forwardrenderer3d.hpp */ = {isa = PBXFileReference; fileEncoding = 4; lastKnownFileType = sourcecode.cpp.h; path = lotus_forwardrenderer3d.hpp; sourceTree = "<group>"; };
		D71940421B1E2EA80027ACBB /* lotus_forwardrenderer3d.cpp */ = {isa = PBXFileReference; fileEncoding = 4; lastKnownFileType = sourcecode.cpp.cpp; path = lotus_forwardrenderer3d.cpp; sourceTree = "<group>"; };
		D71940431B1E2EA80027ACBB /* lotus_forwardpoint.hpp */ = {isa = PBXFileReference; fileEncoding = 4; lastKnownFileType = sourcecode.cpp.h; path = lotus_forwardpoint.hpp; sourceTree = "<group>"; };
		D71940441B1E2EA80027ACBB /* lotus_forwardpoint.cpp */ = {isa = PBXFileReference; fileEncoding = 4; lastKnownFileType = sourcecode.cpp.cpp; path = lotus_forwardpoint.cpp; sourceTree = "<group>"; };
		D71940451B1E2EA80027ACBB /* lotus_forwarddirectional.hpp */ = {isa = PBXFileReference; fileEncoding = 4; lastKnownFileType = sourcecode.cpp.h; path = lotus_forwarddirectional.hpp; sourceTree = "<group>"; };
		D71940461B1E2EA80027ACBB /* lotus_forwarddirectional.cpp */ = {isa = PBXFileReference; fileEncoding = 4; lastKnownFileType = sourcecode.cpp.cpp; path = lotus_forwarddirectional.cpp; sourceTree = "<group>"; };
		D71940471B1E2EA80027ACBB /* lotus_forwardambient.hpp */ = {isa = PBXFileReference; fileEncoding = 4; lastKnownFileType = sourcecode.cpp.h; path = lotus_forwardambient.hpp; sourceTree = "<group>"; };
		D71940481B1E2EA80027ACBB /* lotus_forwardambient.cpp */ = {isa = PBXFileReference; fileEncoding = 4; lastKnownFileType = sourcecode.cpp.cpp; path = lotus_forwardambient.cpp; sourceTree = "<group>"; };
		D71940491B1E2EA80027ACBB /* lotus_fileutils.hpp */ = {isa = PBXFileReference; fileEncoding = 4; lastKnownFileType = sourcecode.cpp.h; path = lotus_fileutils.hpp; sourceTree = "<group>"; };
		D719404A1B1E2EA80027ACBB /* lotus_fileutils.cpp */ = {isa = PBXFileReference; fileEncoding = 4; lastKnownFileType = sourcecode.cpp.cpp; path = lotus_fileutils.cpp; sourceTree = "<group>"; };
		D719404B1B1E2EA80027ACBB /* lotus_entitycomponent.hpp */ = {isa = PBXFileReference; fileEncoding = 4; lastKnownFileType = sourcecode.cpp.h; path = lotus_entitycomponent.hpp; sourceTree = "<group>"; };
		D719404C1B1E2EA80027ACBB /* lotus_entity.hpp */ = {isa = PBXFileReference; fileEncoding = 4; lastKnownFileType = sourcecode.cpp.h; path = lotus_entity.hpp; sourceTree = "<group>"; };
		D719404D1B1E2EA80027ACBB /* lotus_entity.cpp */ = {isa = PBXFileReference; fileEncoding = 4; lastKnownFileType = sourcecode.cpp.cpp; path = lotus_entity.cpp; sourceTree = "<group>"; };
		D719404E1B1E2EA80027ACBB /* lotus_engine.hpp */ = {isa = PBXFileReference; fileEncoding = 4; lastKnownFileType = sourcecode.cpp.h; path = lotus_engine.hpp; sourceTree = "<group>"; };
		D719404F1B1E2EA80027ACBB /* lotus_engine.cpp */ = {isa = PBXFileReference; fileEncoding = 4; lastKnownFileType = sourcecode.cpp.cpp; path = lotus_engine.cpp; sourceTree = "<group>"; };
		D71940501B1E2EA80027ACBB /* lotus_camera.hpp */ = {isa = PBXFileReference; fileEncoding = 4; lastKnownFileType = sourcecode.cpp.h; path = lotus_camera.hpp; sourceTree = "<group>"; };
		D71940511B1E2EA80027ACBB /* lotus_camera.cpp */ = {isa = PBXFileReference; fileEncoding = 4; lastKnownFileType = sourcecode.cpp.cpp; path = lotus_camera.cpp; sourceTree = "<group>"; };
		D7C4D6701B2D96D6003C628A /* lotus_renderable.cpp */ = {isa = PBXFileReference; fileEncoding = 4; lastKnownFileType = sourcecode.cpp.cpp; path = lotus_renderable.cpp; sourceTree = "<group>"; };
		D7C4D6711B2D96D6003C628A /* lotus_renderable.hpp */ = {isa = PBXFileReference; fileEncoding = 4; lastKnownFileType = sourcecode.cpp.h; path = lotus_renderable.hpp; sourceTree = "<group>"; };
		D7C4D6741B2D96E1003C628A /* lotus_renderablecomponent.cpp */ = {isa = PBXFileReference; fileEncoding = 4; lastKnownFileType = sourcecode.cpp.cpp; path = lotus_renderablecomponent.cpp; sourceTree = "<group>"; };
		D7C4D6751B2D96E1003C628A /* lotus_renderablecomponent.hpp */ = {isa = PBXFileReference; fileEncoding = 4; lastKnownFileType = sourcecode.cpp.h; path = lotus_renderablecomponent.hpp; sourceTree = "<group>"; };
		D7C4D6781B2E19B1003C628A /* lotus.hpp */ = {isa = PBXFileReference; fileEncoding = 4; lastKnownFileType = sourcecode.cpp.h; path = lotus.hpp; sourceTree = "<group>"; };
		D7EB2C571B1E38A300E9B597 /* black.png */ = {isa = PBXFileReference; lastKnownFileType = image.png; path = black.png; sourceTree = "<group>"; };
		D7EB2C581B1E38A300E9B597 /* default.png */ = {isa = PBXFileReference; lastKnownFileType = image.png; path = default.png; sourceTree = "<group>"; };
		D7EB2C591B1E38A300E9B597 /* default_disp.png */ = {isa = PBXFileReference; lastKnownFileType = image.png; path = default_disp.png; sourceTree = "<group>"; };
		D7EB2C5A1B1E38A300E9B597 /* default_normal.png */ = {isa = PBXFileReference; lastKnownFileType = image.png; path = default_normal.png; sourceTree = "<group>"; };
		D7EB2C5B1B1E38A300E9B597 /* white.png */ = {isa = PBXFileReference; lastKnownFileType = image.png; path = white.png; sourceTree = "<group>"; };
		D7EB2C5D1B1E38A300E9B597 /* forward_ambient-frag.glsl */ = {isa = PBXFileReference; fileEncoding = 4; lastKnownFileType = text; path = "forward_ambient-frag.glsl"; sourceTree = "<group>"; };
		D7EB2C5E1B1E38A300E9B597 /* forward_directional-frag.glsl */ = {isa = PBXFileReference; fileEncoding = 4; lastKnownFileType = text; path = "forward_directional-frag.glsl"; sourceTree = "<group>"; };
		D7EB2C5F1B1E38A300E9B597 /* forward_main-frag.glsl */ = {isa = PBXFileReference; fileEncoding = 4; lastKnownFileType = text; path = "forward_main-frag.glsl"; sourceTree = "<group>"; };
		D7EB2C601B1E38A300E9B597 /* forward_point-frag.glsl */ = {isa = PBXFileReference; fileEncoding = 4; lastKnownFileType = text; path = "forward_point-frag.glsl"; sourceTree = "<group>"; };
		D7EB2C611B1E38A300E9B597 /* forward_sampling.glsl */ = {isa = PBXFileReference; fileEncoding = 4; lastKnownFileType = text; path = forward_sampling.glsl; sourceTree = "<group>"; };
		D7EB2C621B1E38A300E9B597 /* forward_shared-frag.glsl */ = {isa = PBXFileReference; fileEncoding = 4; lastKnownFileType = text; path = "forward_shared-frag.glsl"; sourceTree = "<group>"; };
		D7EB2C631B1E38A300E9B597 /* forward_shared-vert.glsl */ = {isa = PBXFileReference; fileEncoding = 4; lastKnownFileType = text; path = "forward_shared-vert.glsl"; sourceTree = "<group>"; };
		D7EB2C641B1E38A300E9B597 /* forward_spot-frag.glsl */ = {isa = PBXFileReference; fileEncoding = 4; lastKnownFileType = text; path = "forward_spot-frag.glsl"; sourceTree = "<group>"; };
		D7EB2C651B1E38A300E9B597 /* lighting.glsl */ = {isa = PBXFileReference; fileEncoding = 4; lastKnownFileType = text; path = lighting.glsl; sourceTree = "<group>"; };
		D7EB2C661B1E38A300E9B597 /* phong-frag.glsl */ = {isa = PBXFileReference; fileEncoding = 4; lastKnownFileType = text; path = "phong-frag.glsl"; sourceTree = "<group>"; };
		D7EB2C671B1E38A300E9B597 /* simple-frag.glsl */ = {isa = PBXFileReference; fileEncoding = 4; lastKnownFileType = text; path = "simple-frag.glsl"; sourceTree = "<group>"; };
		D7EB2C681B1E38A300E9B597 /* simple-vert.glsl */ = {isa = PBXFileReference; fileEncoding = 4; lastKnownFileType = text; path = "simple-vert.glsl"; sourceTree = "<group>"; };
/* End PBXFileReference section */

/* Begin PBXFrameworksBuildPhase section */
		D7193F351B1E2AC00027ACBB /* Frameworks */ = {
			isa = PBXFrameworksBuildPhase;
			buildActionMask = 2147483647;
			files = (
				D7193FEA1B1E2B3A0027ACBB /* libglfw3.3.1.dylib in Frameworks */,
				D7193FEB1B1E2B3A0027ACBB /* libGLEW.1.11.0.dylib in Frameworks */,
				D7193FE71B1E2B330027ACBB /* OpenGL.framework in Frameworks */,
			);
			runOnlyForDeploymentPostprocessing = 0;
		};
/* End PBXFrameworksBuildPhase section */

/* Begin PBXGroup section */
		D7193F2F1B1E2AC00027ACBB = {
			isa = PBXGroup;
			children = (
				D7193FE81B1E2B3A0027ACBB /* libglfw3.3.1.dylib */,
				D7193FE91B1E2B3A0027ACBB /* libGLEW.1.11.0.dylib */,
				D7193FE61B1E2B330027ACBB /* OpenGL.framework */,
				D7193F981B1E2ADE0027ACBB /* ext */,
				D7193F461B1E2ADE0027ACBB /* src */,
				D7EB2C561B1E38A300E9B597 /* textures */,
				D7EB2C5C1B1E38A300E9B597 /* shaders */,
				D7193F391B1E2AC00027ACBB /* Products */,
			);
			sourceTree = "<group>";
		};
		D7193F391B1E2AC00027ACBB /* Products */ = {
			isa = PBXGroup;
			children = (
				D7193F381B1E2AC00027ACBB /* libLotusEngine.a */,
			);
			name = Products;
			sourceTree = "<group>";
		};
		D7193F461B1E2ADE0027ACBB /* src */ = {
			isa = PBXGroup;
			children = (
				D71940511B1E2EA80027ACBB /* lotus_camera.cpp */,
				D71940501B1E2EA80027ACBB /* lotus_camera.hpp */,
				D719404F1B1E2EA80027ACBB /* lotus_engine.cpp */,
				D719404E1B1E2EA80027ACBB /* lotus_engine.hpp */,
				D719404D1B1E2EA80027ACBB /* lotus_entity.cpp */,
				D719404C1B1E2EA80027ACBB /* lotus_entity.hpp */,
				D719404B1B1E2EA80027ACBB /* lotus_entitycomponent.hpp */,
				D719404A1B1E2EA80027ACBB /* lotus_fileutils.cpp */,
				D71940491B1E2EA80027ACBB /* lotus_fileutils.hpp */,
				D71940481B1E2EA80027ACBB /* lotus_forwardambient.cpp */,
				D71940471B1E2EA80027ACBB /* lotus_forwardambient.hpp */,
				D71940461B1E2EA80027ACBB /* lotus_forwarddirectional.cpp */,
				D71940451B1E2EA80027ACBB /* lotus_forwarddirectional.hpp */,
				D71940441B1E2EA80027ACBB /* lotus_forwardpoint.cpp */,
				D71940431B1E2EA80027ACBB /* lotus_forwardpoint.hpp */,
				D71940421B1E2EA80027ACBB /* lotus_forwardrenderer3d.cpp */,
				D71940411B1E2EA80027ACBB /* lotus_forwardrenderer3d.hpp */,
				D71940401B1E2EA80027ACBB /* lotus_forwardspot.cpp */,
				D719403F1B1E2EA80027ACBB /* lotus_forwardspot.hpp */,
				D719403E1B1E2EA80027ACBB /* lotus_freelook.cpp */,
				D719403D1B1E2EA80027ACBB /* lotus_freelook.hpp */,
				D719403C1B1E2EA80027ACBB /* lotus_freemove.cpp */,
				D719403B1B1E2EA80027ACBB /* lotus_freemove.hpp */,
				D719403A1B1E2EA80027ACBB /* lotus_igame.hpp */,
				D71940391B1E2EA80027ACBB /* lotus_indexedmodel.cpp */,
				D71940381B1E2EA80027ACBB /* lotus_indexedmodel.hpp */,
				D71940371B1E2EA80027ACBB /* lotus_input.cpp */,
				D71940361B1E2EA80027ACBB /* lotus_input.hpp */,
				D71940351B1E2EA80027ACBB /* lotus_irenderer.hpp */,
				D71940341B1E2EA80027ACBB /* lotus_layer.cpp */,
				D71940331B1E2EA80027ACBB /* lotus_layer.hpp */,
				D71940321B1E2EA80027ACBB /* lotus_lighting.cpp */,
				D71940311B1E2EA80027ACBB /* lotus_lighting.hpp */,
				D71940301B1E2EA80027ACBB /* lotus_mat4.cpp */,
				D719402F1B1E2EA80027ACBB /* lotus_mat4.hpp */,
				D719402E1B1E2EA80027ACBB /* lotus_material.cpp */,
				D719402D1B1E2EA80027ACBB /* lotus_material.hpp */,
				D719402C1B1E2EA80027ACBB /* lotus_maths.hpp */,
				D71940271B1E2EA80027ACBB /* lotus_objloader.cpp */,
				D71940261B1E2EA80027ACBB /* lotus_objloader.hpp */,
				D71940251B1E2EA80027ACBB /* lotus_phongrenderer3d.cpp */,
				D71940241B1E2EA80027ACBB /* lotus_phongrenderer3d.hpp */,
				D71940231B1E2EA80027ACBB /* lotus_phongshader.cpp */,
				D71940221B1E2EA80027ACBB /* lotus_phongshader.hpp */,
				D71940211B1E2EA80027ACBB /* lotus_quat.cpp */,
				D71940201B1E2EA80027ACBB /* lotus_quat.hpp */,
				D7C4D6701B2D96D6003C628A /* lotus_renderable.cpp */,
				D7C4D6711B2D96D6003C628A /* lotus_renderable.hpp */,
				D7C4D6741B2D96E1003C628A /* lotus_renderablecomponent.cpp */,
				D7C4D6751B2D96E1003C628A /* lotus_renderablecomponent.hpp */,
				D719401F1B1E2EA80027ACBB /* lotus_shader.cpp */,
				D719401E1B1E2EA80027ACBB /* lotus_shader.hpp */,
				D719401D1B1E2EA80027ACBB /* lotus_simplerenderer3d.cpp */,
				D719401C1B1E2EA80027ACBB /* lotus_simplerenderer3d.hpp */,
				D719401B1B1E2EA80027ACBB /* lotus_simpleshader.cpp */,
				D719401A1B1E2EA80027ACBB /* lotus_simpleshader.hpp */,
				D71940191B1E2EA80027ACBB /* lotus_stringutils.cpp */,
				D71940181B1E2EA80027ACBB /* lotus_stringutils.hpp */,
				D71940171B1E2EA80027ACBB /* lotus_texture.cpp */,
				D71940161B1E2EA80027ACBB /* lotus_texture.hpp */,
				D71940151B1E2EA80027ACBB /* lotus_time.hpp */,
				D71940141B1E2EA80027ACBB /* lotus_transform.cpp */,
				D71940131B1E2EA80027ACBB /* lotus_transform.hpp */,
				D71940121B1E2EA80027ACBB /* lotus_vec2.cpp */,
				D71940111B1E2EA80027ACBB /* lotus_vec2.hpp */,
				D71940101B1E2EA80027ACBB /* lotus_vec3.cpp */,
				D719400F1B1E2EA80027ACBB /* lotus_vec3.hpp */,
				D719400E1B1E2EA80027ACBB /* lotus_vec4.cpp */,
				D719400D1B1E2EA80027ACBB /* lotus_vec4.hpp */,
				D719400C1B1E2EA80027ACBB /* lotus_vertex.hpp */,
				D719400B1B1E2EA80027ACBB /* lotus_window.cpp */,
				D719400A1B1E2EA80027ACBB /* lotus_window.hpp */,
				D7C4D6781B2E19B1003C628A /* lotus.hpp */,
			);
			path = src;
			sourceTree = "<group>";
		};
		D7193F981B1E2ADE0027ACBB /* ext */ = {
			isa = PBXGroup;
			children = (
				D7193F991B1E2ADE0027ACBB /* stb_image.c */,
				D7193F9A1B1E2ADE0027ACBB /* stb_image.h */,
			);
			path = ext;
			sourceTree = "<group>";
		};
		D7EB2C561B1E38A300E9B597 /* textures */ = {
			isa = PBXGroup;
			children = (
				D7EB2C571B1E38A300E9B597 /* black.png */,
				D7EB2C581B1E38A300E9B597 /* default.png */,
				D7EB2C591B1E38A300E9B597 /* default_disp.png */,
				D7EB2C5A1B1E38A300E9B597 /* default_normal.png */,
				D7EB2C5B1B1E38A300E9B597 /* white.png */,
			);
			path = textures;
			sourceTree = "<group>";
		};
		D7EB2C5C1B1E38A300E9B597 /* shaders */ = {
			isa = PBXGroup;
			children = (
				D7EB2C5D1B1E38A300E9B597 /* forward_ambient-frag.glsl */,
				D7EB2C5E1B1E38A300E9B597 /* forward_directional-frag.glsl */,
				D7EB2C5F1B1E38A300E9B597 /* forward_main-frag.glsl */,
				D7EB2C601B1E38A300E9B597 /* forward_point-frag.glsl */,
				D7EB2C611B1E38A300E9B597 /* forward_sampling.glsl */,
				D7EB2C621B1E38A300E9B597 /* forward_shared-frag.glsl */,
				D7EB2C631B1E38A300E9B597 /* forward_shared-vert.glsl */,
				D7EB2C641B1E38A300E9B597 /* forward_spot-frag.glsl */,
				D7EB2C651B1E38A300E9B597 /* lighting.glsl */,
				D7EB2C661B1E38A300E9B597 /* phong-frag.glsl */,
				D7EB2C671B1E38A300E9B597 /* simple-frag.glsl */,
				D7EB2C681B1E38A300E9B597 /* simple-vert.glsl */,
			);
			path = shaders;
			sourceTree = "<group>";
		};
/* End PBXGroup section */

/* Begin PBXHeadersBuildPhase section */
		D7193F361B1E2AC00027ACBB /* Headers */ = {
			isa = PBXHeadersBuildPhase;
			buildActionMask = 2147483647;
			files = (
				D7C4D6791B2E19B1003C628A /* lotus.hpp in Headers */,
				D71940741B1E2EA80027ACBB /* lotus_maths.hpp in Headers */,
				D719407D1B1E2EA80027ACBB /* lotus_irenderer.hpp in Headers */,
				D71940871B1E2EA80027ACBB /* lotus_forwardspot.hpp in Headers */,
				D71940551B1E2EA80027ACBB /* lotus_vec4.hpp in Headers */,
				D7C4D6771B2D96E1003C628A /* lotus_renderablecomponent.hpp in Headers */,
				D719406E1B1E2EA80027ACBB /* lotus_objloader.hpp in Headers */,
				D719408D1B1E2EA80027ACBB /* lotus_forwarddirectional.hpp in Headers */,
				D719405D1B1E2EA80027ACBB /* lotus_time.hpp in Headers */,
				D71940771B1E2EA80027ACBB /* lotus_mat4.hpp in Headers */,
				D719408B1B1E2EA80027ACBB /* lotus_forwardpoint.hpp in Headers */,
				D719408F1B1E2EA80027ACBB /* lotus_forwardambient.hpp in Headers */,
				D71940641B1E2EA80027ACBB /* lotus_simplerenderer3d.hpp in Headers */,
				D71940891B1E2EA80027ACBB /* lotus_forwardrenderer3d.hpp in Headers */,
				D71940681B1E2EA80027ACBB /* lotus_quat.hpp in Headers */,
				D71940621B1E2EA80027ACBB /* lotus_simpleshader.hpp in Headers */,
				D71940911B1E2EA80027ACBB /* lotus_fileutils.hpp in Headers */,
				D71940851B1E2EA80027ACBB /* lotus_freelook.hpp in Headers */,
				D71940751B1E2EA80027ACBB /* lotus_material.hpp in Headers */,
				D719406A1B1E2EA80027ACBB /* lotus_phongshader.hpp in Headers */,
				D71940831B1E2EA80027ACBB /* lotus_freemove.hpp in Headers */,
				D7193FE51B1E2ADE0027ACBB /* stb_image.h in Headers */,
				D71940661B1E2EA80027ACBB /* lotus_shader.hpp in Headers */,
				D71940821B1E2EA80027ACBB /* lotus_igame.hpp in Headers */,
				D71940941B1E2EA80027ACBB /* lotus_entity.hpp in Headers */,
				D71940541B1E2EA80027ACBB /* lotus_vertex.hpp in Headers */,
				D71940591B1E2EA80027ACBB /* lotus_vec2.hpp in Headers */,
				D719405E1B1E2EA80027ACBB /* lotus_texture.hpp in Headers */,
				D719407B1B1E2EA80027ACBB /* lotus_layer.hpp in Headers */,
				D7C4D6731B2D96D6003C628A /* lotus_renderable.hpp in Headers */,
				D71940571B1E2EA80027ACBB /* lotus_vec3.hpp in Headers */,
				D71940521B1E2EA80027ACBB /* lotus_window.hpp in Headers */,
				D71940791B1E2EA80027ACBB /* lotus_lighting.hpp in Headers */,
				D71940601B1E2EA80027ACBB /* lotus_stringutils.hpp in Headers */,
				D71940961B1E2EA80027ACBB /* lotus_engine.hpp in Headers */,
				D719407E1B1E2EA80027ACBB /* lotus_input.hpp in Headers */,
				D71940931B1E2EA80027ACBB /* lotus_entitycomponent.hpp in Headers */,
				D719405B1B1E2EA80027ACBB /* lotus_transform.hpp in Headers */,
				D71940981B1E2EA80027ACBB /* lotus_camera.hpp in Headers */,
				D71940801B1E2EA80027ACBB /* lotus_indexedmodel.hpp in Headers */,
				D719406C1B1E2EA80027ACBB /* lotus_phongrenderer3d.hpp in Headers */,
			);
			runOnlyForDeploymentPostprocessing = 0;
		};
/* End PBXHeadersBuildPhase section */

/* Begin PBXNativeTarget section */
		D7193F371B1E2AC00027ACBB /* LotusEngine */ = {
			isa = PBXNativeTarget;
			buildConfigurationList = D7193F431B1E2AC00027ACBB /* Build configuration list for PBXNativeTarget "LotusEngine" */;
			buildPhases = (
				D7193F341B1E2AC00027ACBB /* Sources */,
				D7193F351B1E2AC00027ACBB /* Frameworks */,
				D7193F361B1E2AC00027ACBB /* Headers */,
				D7EB2C551B1E389100E9B597 /* CopyFiles */,
				D7EB2C6E1B1E38BF00E9B597 /* CopyFiles */,
			);
			buildRules = (
			);
			dependencies = (
			);
			name = LotusEngine;
			productName = LotusEngine;
			productReference = D7193F381B1E2AC00027ACBB /* libLotusEngine.a */;
			productType = "com.apple.product-type.library.static";
		};
/* End PBXNativeTarget section */

/* Begin PBXProject section */
		D7193F301B1E2AC00027ACBB /* Project object */ = {
			isa = PBXProject;
			attributes = {
				LastUpgradeCheck = 0620;
				ORGANIZATIONNAME = "Leonard Vollmann";
				TargetAttributes = {
					D7193F371B1E2AC00027ACBB = {
						CreatedOnToolsVersion = 6.2;
					};
				};
			};
			buildConfigurationList = D7193F331B1E2AC00027ACBB /* Build configuration list for PBXProject "LotusEngine" */;
			compatibilityVersion = "Xcode 3.2";
			developmentRegion = English;
			hasScannedForEncodings = 0;
			knownRegions = (
				en,
			);
			mainGroup = D7193F2F1B1E2AC00027ACBB;
			productRefGroup = D7193F391B1E2AC00027ACBB /* Products */;
			projectDirPath = "";
			projectRoot = "";
			targets = (
				D7193F371B1E2AC00027ACBB /* LotusEngine */,
			);
		};
/* End PBXProject section */

/* Begin PBXSourcesBuildPhase section */
		D7193F341B1E2AC00027ACBB /* Sources */ = {
			isa = PBXSourcesBuildPhase;
			buildActionMask = 2147483647;
			files = (
				D71940901B1E2EA80027ACBB /* lotus_forwardambient.cpp in Sources */,
				D719406D1B1E2EA80027ACBB /* lotus_phongrenderer3d.cpp in Sources */,
				D71940861B1E2EA80027ACBB /* lotus_freelook.cpp in Sources */,
				D719405C1B1E2EA80027ACBB /* lotus_transform.cpp in Sources */,
				D71940781B1E2EA80027ACBB /* lotus_mat4.cpp in Sources */,
				D719408C1B1E2EA80027ACBB /* lotus_forwardpoint.cpp in Sources */,
				D71940761B1E2EA80027ACBB /* lotus_material.cpp in Sources */,
				D7193FE41B1E2ADE0027ACBB /* stb_image.c in Sources */,
				D71940631B1E2EA80027ACBB /* lotus_simpleshader.cpp in Sources */,
				D71940881B1E2EA80027ACBB /* lotus_forwardspot.cpp in Sources */,
				D719408E1B1E2EA80027ACBB /* lotus_forwarddirectional.cpp in Sources */,
				D719406B1B1E2EA80027ACBB /* lotus_phongshader.cpp in Sources */,
				D71940531B1E2EA80027ACBB /* lotus_window.cpp in Sources */,
				D719408A1B1E2EA80027ACBB /* lotus_forwardrenderer3d.cpp in Sources */,
				D71940691B1E2EA80027ACBB /* lotus_quat.cpp in Sources */,
				D71940841B1E2EA80027ACBB /* lotus_freemove.cpp in Sources */,
				D719405A1B1E2EA80027ACBB /* lotus_vec2.cpp in Sources */,
				D71940991B1E2EA80027ACBB /* lotus_camera.cpp in Sources */,
				D719407A1B1E2EA80027ACBB /* lotus_lighting.cpp in Sources */,
				D71940611B1E2EA80027ACBB /* lotus_stringutils.cpp in Sources */,
				D71940951B1E2EA80027ACBB /* lotus_entity.cpp in Sources */,
				D71940581B1E2EA80027ACBB /* lotus_vec3.cpp in Sources */,
				D719407F1B1E2EA80027ACBB /* lotus_input.cpp in Sources */,
				D71940811B1E2EA80027ACBB /* lotus_indexedmodel.cpp in Sources */,
				D719405F1B1E2EA80027ACBB /* lotus_texture.cpp in Sources */,
				D7C4D6721B2D96D6003C628A /* lotus_renderable.cpp in Sources */,
				D71940921B1E2EA80027ACBB /* lotus_fileutils.cpp in Sources */,
				D71940561B1E2EA80027ACBB /* lotus_vec4.cpp in Sources */,
				D719407C1B1E2EA80027ACBB /* lotus_layer.cpp in Sources */,
				D719406F1B1E2EA80027ACBB /* lotus_objloader.cpp in Sources */,
				D71940971B1E2EA80027ACBB /* lotus_engine.cpp in Sources */,
				D71940651B1E2EA80027ACBB /* lotus_simplerenderer3d.cpp in Sources */,
				D7C4D6761B2D96E1003C628A /* lotus_renderablecomponent.cpp in Sources */,
				D71940671B1E2EA80027ACBB /* lotus_shader.cpp in Sources */,
			);
			runOnlyForDeploymentPostprocessing = 0;
		};
/* End PBXSourcesBuildPhase section */

/* Begin XCBuildConfiguration section */
		D7193F411B1E2AC00027ACBB /* Debug */ = {
			isa = XCBuildConfiguration;
			buildSettings = {
				ALWAYS_SEARCH_USER_PATHS = NO;
				CLANG_CXX_LANGUAGE_STANDARD = "gnu++0x";
				CLANG_CXX_LIBRARY = "libc++";
				CLANG_ENABLE_MODULES = YES;
				CLANG_ENABLE_OBJC_ARC = YES;
				CLANG_WARN_BOOL_CONVERSION = YES;
				CLANG_WARN_CONSTANT_CONVERSION = YES;
				CLANG_WARN_DIRECT_OBJC_ISA_USAGE = YES_ERROR;
				CLANG_WARN_EMPTY_BODY = YES;
				CLANG_WARN_ENUM_CONVERSION = YES;
				CLANG_WARN_INT_CONVERSION = YES;
				CLANG_WARN_OBJC_ROOT_CLASS = YES_ERROR;
				CLANG_WARN_UNREACHABLE_CODE = YES;
				CLANG_WARN__DUPLICATE_METHOD_MATCH = YES;
				COPY_PHASE_STRIP = NO;
				DEBUG_INFORMATION_FORMAT = dwarf;
				ENABLE_STRICT_OBJC_MSGSEND = YES;
				GCC_C_LANGUAGE_STANDARD = gnu99;
				GCC_DYNAMIC_NO_PIC = NO;
				GCC_OPTIMIZATION_LEVEL = 0;
				GCC_PREPROCESSOR_DEFINITIONS = (
					"DEBUG=1",
					"$(inherited)",
				);
				GCC_SYMBOLS_PRIVATE_EXTERN = NO;
				GCC_WARN_64_TO_32_BIT_CONVERSION = YES;
				GCC_WARN_ABOUT_RETURN_TYPE = YES_ERROR;
				GCC_WARN_UNDECLARED_SELECTOR = YES;
				GCC_WARN_UNINITIALIZED_AUTOS = YES_AGGRESSIVE;
				GCC_WARN_UNUSED_FUNCTION = YES;
				GCC_WARN_UNUSED_VARIABLE = YES;
				MACOSX_DEPLOYMENT_TARGET = 10.9;
				MTL_ENABLE_DEBUG_INFO = YES;
				ONLY_ACTIVE_ARCH = YES;
				SDKROOT = macosx;
			};
			name = Debug;
		};
		D7193F421B1E2AC00027ACBB /* Release */ = {
			isa = XCBuildConfiguration;
			buildSettings = {
				ALWAYS_SEARCH_USER_PATHS = NO;
				CLANG_CXX_LANGUAGE_STANDARD = "gnu++0x";
				CLANG_CXX_LIBRARY = "libc++";
				CLANG_ENABLE_MODULES = YES;
				CLANG_ENABLE_OBJC_ARC = YES;
				CLANG_WARN_BOOL_CONVERSION = YES;
				CLANG_WARN_CONSTANT_CONVERSION = YES;
				CLANG_WARN_DIRECT_OBJC_ISA_USAGE = YES_ERROR;
				CLANG_WARN_EMPTY_BODY = YES;
				CLANG_WARN_ENUM_CONVERSION = YES;
				CLANG_WARN_INT_CONVERSION = YES;
				CLANG_WARN_OBJC_ROOT_CLASS = YES_ERROR;
				CLANG_WARN_UNREACHABLE_CODE = YES;
				CLANG_WARN__DUPLICATE_METHOD_MATCH = YES;
				COPY_PHASE_STRIP = NO;
				DEBUG_INFORMATION_FORMAT = "dwarf-with-dsym";
				ENABLE_NS_ASSERTIONS = NO;
				ENABLE_STRICT_OBJC_MSGSEND = YES;
				GCC_C_LANGUAGE_STANDARD = gnu99;
				GCC_WARN_64_TO_32_BIT_CONVERSION = YES;
				GCC_WARN_ABOUT_RETURN_TYPE = YES_ERROR;
				GCC_WARN_UNDECLARED_SELECTOR = YES;
				GCC_WARN_UNINITIALIZED_AUTOS = YES_AGGRESSIVE;
				GCC_WARN_UNUSED_FUNCTION = YES;
				GCC_WARN_UNUSED_VARIABLE = YES;
				MACOSX_DEPLOYMENT_TARGET = 10.9;
				MTL_ENABLE_DEBUG_INFO = NO;
				SDKROOT = macosx;
			};
			name = Release;
		};
		D7193F441B1E2AC00027ACBB /* Debug */ = {
			isa = XCBuildConfiguration;
			buildSettings = {
				EXECUTABLE_PREFIX = lib;
				GCC_ENABLE_CPP_EXCEPTIONS = YES;
				GCC_ENABLE_CPP_RTTI = YES;
				GCC_SYMBOLS_PRIVATE_EXTERN = NO;
				HEADER_SEARCH_PATHS = /Users/Leonard/Documents/Programming/GameEngineDev/Dependencies/include;
				LIBRARY_SEARCH_PATHS = (
					"$(inherited)",
					/Users/Leonard/Documents/Programming/GameEngineDev/Dependencies/lib,
				);
				PRODUCT_NAME = "$(TARGET_NAME)";
			};
			name = Debug;
		};
		D7193F451B1E2AC00027ACBB /* Release */ = {
			isa = XCBuildConfiguration;
			buildSettings = {
				EXECUTABLE_PREFIX = lib;
				GCC_ENABLE_CPP_EXCEPTIONS = YES;
				GCC_ENABLE_CPP_RTTI = YES;
				GCC_SYMBOLS_PRIVATE_EXTERN = NO;
				HEADER_SEARCH_PATHS = /Users/Leonard/Documents/Programming/GameEngineDev/Dependencies/include;
				LIBRARY_SEARCH_PATHS = (
					"$(inherited)",
					/Users/Leonard/Documents/Programming/GameEngineDev/Dependencies/lib,
				);
				PRODUCT_NAME = "$(TARGET_NAME)";
			};
			name = Release;
		};
/* End XCBuildConfiguration section */

/* Begin XCConfigurationList section */
		D7193F331B1E2AC00027ACBB /* Build configuration list for PBXProject "LotusEngine" */ = {
			isa = XCConfigurationList;
			buildConfigurations = (
				D7193F411B1E2AC00027ACBB /* Debug */,
				D7193F421B1E2AC00027ACBB /* Release */,
			);
			defaultConfigurationIsVisible = 0;
			defaultConfigurationName = Release;
		};
		D7193F431B1E2AC00027ACBB /* Build configuration list for PBXNativeTarget "LotusEngine" */ = {
			isa = XCConfigurationList;
			buildConfigurations = (
				D7193F441B1E2AC00027ACBB /* Debug */,
				D7193F451B1E2AC00027ACBB /* Release */,
			);
			defaultConfigurationIsVisible = 0;
			defaultConfigurationName = Release;
		};
/* End XCConfigurationList section */
	};
	rootObject = D7193F301B1E2AC00027ACBB /* Project object */;
}
