// !$*UTF8*$!
{
	archiveVersion = 1;
	classes = {
	};
	objectVersion = 46;
	objects = {

/* Begin PBXBuildFile section */
		D71940011B1E2BC20027ACBB /* main.cpp in Sources */ = {isa = PBXBuildFile; fileRef = D71940001B1E2BC20027ACBB /* main.cpp */; };
		D71940031B1E2BCC0027ACBB /* libLotusEngine.a in Frameworks */ = {isa = PBXBuildFile; fileRef = D71940021B1E2BCC0027ACBB /* libLotusEngine.a */; };
		D71940051B1E2BD40027ACBB /* OpenGL.framework in Frameworks */ = {isa = PBXBuildFile; fileRef = D71940041B1E2BD40027ACBB /* OpenGL.framework */; };
		D71940081B1E2BE30027ACBB /* libglfw3.3.1.dylib in Frameworks */ = {isa = PBXBuildFile; fileRef = D71940061B1E2BE30027ACBB /* libglfw3.3.1.dylib */; };
		D71940091B1E2BE30027ACBB /* libGLEW.1.11.0.dylib in Frameworks */ = {isa = PBXBuildFile; fileRef = D71940071B1E2BE30027ACBB /* libGLEW.1.11.0.dylib */; };
		D7EB2C4E1B1E380900E9B597 /* bricks.png in CopyFiles */ = {isa = PBXBuildFile; fileRef = D7EB2C441B1E37B000E9B597 /* bricks.png */; };
		D7EB2C4F1B1E380900E9B597 /* bricks2.png in CopyFiles */ = {isa = PBXBuildFile; fileRef = D7EB2C451B1E37B000E9B597 /* bricks2.png */; };
		D7EB2C501B1E380900E9B597 /* bricks2_disp.png in CopyFiles */ = {isa = PBXBuildFile; fileRef = D7EB2C461B1E37B000E9B597 /* bricks2_disp.png */; };
		D7EB2C511B1E380900E9B597 /* bricks2_normal.png in CopyFiles */ = {isa = PBXBuildFile; fileRef = D7EB2C471B1E37B000E9B597 /* bricks2_normal.png */; };
		D7EB2C521B1E380900E9B597 /* bricks_disp.png in CopyFiles */ = {isa = PBXBuildFile; fileRef = D7EB2C481B1E37B000E9B597 /* bricks_disp.png */; };
		D7EB2C531B1E380900E9B597 /* bricks_normal.png in CopyFiles */ = {isa = PBXBuildFile; fileRef = D7EB2C491B1E37B000E9B597 /* bricks_normal.png */; };
		D7EB2C541B1E380D00E9B597 /* dragon.obj in CopyFiles */ = {isa = PBXBuildFile; fileRef = D7EB2C341B1E37B000E9B597 /* dragon.obj */; };
/* End PBXBuildFile section */

/* Begin PBXCopyFilesBuildPhase section */
		D71940C21B1E30790027ACBB /* CopyFiles */ = {
			isa = PBXCopyFilesBuildPhase;
			buildActionMask = 2147483647;
			dstPath = res/textures;
			dstSubfolderSpec = 7;
			files = (
				D7EB2C4E1B1E380900E9B597 /* bricks.png in CopyFiles */,
				D7EB2C4F1B1E380900E9B597 /* bricks2.png in CopyFiles */,
				D7EB2C501B1E380900E9B597 /* bricks2_disp.png in CopyFiles */,
				D7EB2C511B1E380900E9B597 /* bricks2_normal.png in CopyFiles */,
				D7EB2C521B1E380900E9B597 /* bricks_disp.png in CopyFiles */,
				D7EB2C531B1E380900E9B597 /* bricks_normal.png in CopyFiles */,
			);
			runOnlyForDeploymentPostprocessing = 0;
		};
		D71940CE1B1E308B0027ACBB /* CopyFiles */ = {
			isa = PBXCopyFilesBuildPhase;
			buildActionMask = 2147483647;
			dstPath = res/models;
			dstSubfolderSpec = 7;
			files = (
				D7EB2C541B1E380D00E9B597 /* dragon.obj in CopyFiles */,
			);
			runOnlyForDeploymentPostprocessing = 0;
		};
/* End PBXCopyFilesBuildPhase section */

/* Begin PBXFileReference section */
		D7193FF51B1E2B840027ACBB /* LotusTesting */ = {isa = PBXFileReference; explicitFileType = "compiled.mach-o.executable"; includeInIndex = 0; path = LotusTesting; sourceTree = BUILT_PRODUCTS_DIR; };
		D71940001B1E2BC20027ACBB /* main.cpp */ = {isa = PBXFileReference; fileEncoding = 4; lastKnownFileType = sourcecode.cpp.cpp; path = main.cpp; sourceTree = "<group>"; };
		D71940021B1E2BCC0027ACBB /* libLotusEngine.a */ = {isa = PBXFileReference; lastKnownFileType = archive.ar; name = libLotusEngine.a; path = ../Build/Products/Debug/libLotusEngine.a; sourceTree = "<group>"; };
		D71940041B1E2BD40027ACBB /* OpenGL.framework */ = {isa = PBXFileReference; lastKnownFileType = wrapper.framework; name = OpenGL.framework; path = System/Library/Frameworks/OpenGL.framework; sourceTree = SDKROOT; };
		D71940061B1E2BE30027ACBB /* libglfw3.3.1.dylib */ = {isa = PBXFileReference; lastKnownFileType = "compiled.mach-o.dylib"; name = libglfw3.3.1.dylib; path = ../Dependencies/lib/libglfw3.3.1.dylib; sourceTree = "<group>"; };
		D71940071B1E2BE30027ACBB /* libGLEW.1.11.0.dylib */ = {isa = PBXFileReference; lastKnownFileType = "compiled.mach-o.dylib"; name = libGLEW.1.11.0.dylib; path = ../Dependencies/lib/libGLEW.1.11.0.dylib; sourceTree = "<group>"; };
		D7EB2C341B1E37B000E9B597 /* dragon.obj */ = {isa = PBXFileReference; fileEncoding = 4; lastKnownFileType = text; path = dragon.obj; sourceTree = "<group>"; };
		D7EB2C441B1E37B000E9B597 /* bricks.png */ = {isa = PBXFileReference; lastKnownFileType = image.png; path = bricks.png; sourceTree = "<group>"; };
		D7EB2C451B1E37B000E9B597 /* bricks2.png */ = {isa = PBXFileReference; lastKnownFileType = image.png; path = bricks2.png; sourceTree = "<group>"; };
		D7EB2C461B1E37B000E9B597 /* bricks2_disp.png */ = {isa = PBXFileReference; lastKnownFileType = image.png; path = bricks2_disp.png; sourceTree = "<group>"; };
		D7EB2C471B1E37B000E9B597 /* bricks2_normal.png */ = {isa = PBXFileReference; lastKnownFileType = image.png; path = bricks2_normal.png; sourceTree = "<group>"; };
		D7EB2C481B1E37B000E9B597 /* bricks_disp.png */ = {isa = PBXFileReference; lastKnownFileType = image.png; path = bricks_disp.png; sourceTree = "<group>"; };
		D7EB2C491B1E37B000E9B597 /* bricks_normal.png */ = {isa = PBXFileReference; lastKnownFileType = image.png; path = bricks_normal.png; sourceTree = "<group>"; };
/* End PBXFileReference section */

/* Begin PBXFrameworksBuildPhase section */
		D7193FF21B1E2B840027ACBB /* Frameworks */ = {
			isa = PBXFrameworksBuildPhase;
			buildActionMask = 2147483647;
			files = (
				D71940081B1E2BE30027ACBB /* libglfw3.3.1.dylib in Frameworks */,
				D71940091B1E2BE30027ACBB /* libGLEW.1.11.0.dylib in Frameworks */,
				D71940051B1E2BD40027ACBB /* OpenGL.framework in Frameworks */,
				D71940031B1E2BCC0027ACBB /* libLotusEngine.a in Frameworks */,
			);
			runOnlyForDeploymentPostprocessing = 0;
		};
/* End PBXFrameworksBuildPhase section */

/* Begin PBXGroup section */
		D7193FEC1B1E2B840027ACBB = {
			isa = PBXGroup;
			children = (
				D71940061B1E2BE30027ACBB /* libglfw3.3.1.dylib */,
				D71940071B1E2BE30027ACBB /* libGLEW.1.11.0.dylib */,
				D71940041B1E2BD40027ACBB /* OpenGL.framework */,
				D71940021B1E2BCC0027ACBB /* libLotusEngine.a */,
				D7EB2C321B1E37B000E9B597 /* res */,
				D7193FFF1B1E2BC20027ACBB /* src */,
				D7193FF61B1E2B840027ACBB /* Products */,
			);
			sourceTree = "<group>";
		};
		D7193FF61B1E2B840027ACBB /* Products */ = {
			isa = PBXGroup;
			children = (
				D7193FF51B1E2B840027ACBB /* LotusTesting */,
			);
			name = Products;
			sourceTree = "<group>";
		};
		D7193FFF1B1E2BC20027ACBB /* src */ = {
			isa = PBXGroup;
			children = (
				D71940001B1E2BC20027ACBB /* main.cpp */,
			);
			path = src;
			sourceTree = "<group>";
		};
		D7EB2C321B1E37B000E9B597 /* res */ = {
			isa = PBXGroup;
			children = (
				D7EB2C331B1E37B000E9B597 /* models */,
				D7EB2C421B1E37B000E9B597 /* textures */,
			);
			path = res;
			sourceTree = "<group>";
		};
		D7EB2C331B1E37B000E9B597 /* models */ = {
			isa = PBXGroup;
			children = (
				D7EB2C341B1E37B000E9B597 /* dragon.obj */,
			);
			path = models;
			sourceTree = "<group>";
		};
		D7EB2C421B1E37B000E9B597 /* textures */ = {
			isa = PBXGroup;
			children = (
				D7EB2C441B1E37B000E9B597 /* bricks.png */,
				D7EB2C451B1E37B000E9B597 /* bricks2.png */,
				D7EB2C461B1E37B000E9B597 /* bricks2_disp.png */,
				D7EB2C471B1E37B000E9B597 /* bricks2_normal.png */,
				D7EB2C481B1E37B000E9B597 /* bricks_disp.png */,
				D7EB2C491B1E37B000E9B597 /* bricks_normal.png */,
			);
			path = textures;
			sourceTree = "<group>";
		};
/* End PBXGroup section */

/* Begin PBXNativeTarget section */
		D7193FF41B1E2B840027ACBB /* LotusTesting */ = {
			isa = PBXNativeTarget;
			buildConfigurationList = D7193FFC1B1E2B840027ACBB /* Build configuration list for PBXNativeTarget "LotusTesting" */;
			buildPhases = (
				D7193FF11B1E2B840027ACBB /* Sources */,
				D7193FF21B1E2B840027ACBB /* Frameworks */,
				D71940C21B1E30790027ACBB /* CopyFiles */,
				D71940CE1B1E308B0027ACBB /* CopyFiles */,
			);
			buildRules = (
			);
			dependencies = (
			);
			name = LotusTesting;
			productName = LotusTesting;
			productReference = D7193FF51B1E2B840027ACBB /* LotusTesting */;
			productType = "com.apple.product-type.tool";
		};
/* End PBXNativeTarget section */

/* Begin PBXProject section */
		D7193FED1B1E2B840027ACBB /* Project object */ = {
			isa = PBXProject;
			attributes = {
				LastUpgradeCheck = 0620;
				ORGANIZATIONNAME = "Leonard Vollmann";
				TargetAttributes = {
					D7193FF41B1E2B840027ACBB = {
						CreatedOnToolsVersion = 6.2;
					};
				};
			};
			buildConfigurationList = D7193FF01B1E2B840027ACBB /* Build configuration list for PBXProject "LotusTesting" */;
			compatibilityVersion = "Xcode 3.2";
			developmentRegion = English;
			hasScannedForEncodings = 0;
			knownRegions = (
				en,
			);
			mainGroup = D7193FEC1B1E2B840027ACBB;
			productRefGroup = D7193FF61B1E2B840027ACBB /* Products */;
			projectDirPath = "";
			projectRoot = "";
			targets = (
				D7193FF41B1E2B840027ACBB /* LotusTesting */,
			);
		};
/* End PBXProject section */

/* Begin PBXSourcesBuildPhase section */
		D7193FF11B1E2B840027ACBB /* Sources */ = {
			isa = PBXSourcesBuildPhase;
			buildActionMask = 2147483647;
			files = (
				D71940011B1E2BC20027ACBB /* main.cpp in Sources */,
			);
			runOnlyForDeploymentPostprocessing = 0;
		};
/* End PBXSourcesBuildPhase section */

/* Begin XCBuildConfiguration section */
		D7193FFA1B1E2B840027ACBB /* Debug */ = {
			isa = XCBuildConfiguration;
			buildSettings = {
				ALWAYS_SEARCH_USER_PATHS = NO;
				CLANG_CXX_LANGUAGE_STANDARD = "gnu++0x";
				CLANG_CXX_LIBRARY = "libc++";
				CLANG_ENABLE_MODULES = YES;
				CLANG_ENABLE_OBJC_ARC = YES;
				CLANG_WARN_BOOL_CONVERSION = YES;
				CLANG_WARN_CONSTANT_CONVERSION = YES;
				CLANG_WARN_DIRECT_OBJC_ISA_USAGE = YES_ERROR;
				CLANG_WARN_EMPTY_BODY = YES;
				CLANG_WARN_ENUM_CONVERSION = YES;
				CLANG_WARN_INT_CONVERSION = YES;
				CLANG_WARN_OBJC_ROOT_CLASS = YES_ERROR;
				CLANG_WARN_UNREACHABLE_CODE = YES;
				CLANG_WARN__DUPLICATE_METHOD_MATCH = YES;
				COPY_PHASE_STRIP = NO;
				ENABLE_STRICT_OBJC_MSGSEND = YES;
				GCC_C_LANGUAGE_STANDARD = gnu99;
				GCC_DYNAMIC_NO_PIC = NO;
				GCC_OPTIMIZATION_LEVEL = 0;
				GCC_PREPROCESSOR_DEFINITIONS = (
					"DEBUG=1",
					"$(inherited)",
				);
				GCC_SYMBOLS_PRIVATE_EXTERN = NO;
				GCC_WARN_64_TO_32_BIT_CONVERSION = YES;
				GCC_WARN_ABOUT_RETURN_TYPE = YES_ERROR;
				GCC_WARN_UNDECLARED_SELECTOR = YES;
				GCC_WARN_UNINITIALIZED_AUTOS = YES_AGGRESSIVE;
				GCC_WARN_UNUSED_FUNCTION = YES;
				GCC_WARN_UNUSED_VARIABLE = YES;
				MACOSX_DEPLOYMENT_TARGET = 10.9;
				MTL_ENABLE_DEBUG_INFO = YES;
				ONLY_ACTIVE_ARCH = YES;
				SDKROOT = macosx;
			};
			name = Debug;
		};
		D7193FFB1B1E2B840027ACBB /* Release */ = {
			isa = XCBuildConfiguration;
			buildSettings = {
				ALWAYS_SEARCH_USER_PATHS = NO;
				CLANG_CXX_LANGUAGE_STANDARD = "gnu++0x";
				CLANG_CXX_LIBRARY = "libc++";
				CLANG_ENABLE_MODULES = YES;
				CLANG_ENABLE_OBJC_ARC = YES;
				CLANG_WARN_BOOL_CONVERSION = YES;
				CLANG_WARN_CONSTANT_CONVERSION = YES;
				CLANG_WARN_DIRECT_OBJC_ISA_USAGE = YES_ERROR;
				CLANG_WARN_EMPTY_BODY = YES;
				CLANG_WARN_ENUM_CONVERSION = YES;
				CLANG_WARN_INT_CONVERSION = YES;
				CLANG_WARN_OBJC_ROOT_CLASS = YES_ERROR;
				CLANG_WARN_UNREACHABLE_CODE = YES;
				CLANG_WARN__DUPLICATE_METHOD_MATCH = YES;
				COPY_PHASE_STRIP = NO;
				DEBUG_INFORMATION_FORMAT = "dwarf-with-dsym";
				ENABLE_NS_ASSERTIONS = NO;
				ENABLE_STRICT_OBJC_MSGSEND = YES;
				GCC_C_LANGUAGE_STANDARD = gnu99;
				GCC_WARN_64_TO_32_BIT_CONVERSION = YES;
				GCC_WARN_ABOUT_RETURN_TYPE = YES_ERROR;
				GCC_WARN_UNDECLARED_SELECTOR = YES;
				GCC_WARN_UNINITIALIZED_AUTOS = YES_AGGRESSIVE;
				GCC_WARN_UNUSED_FUNCTION = YES;
				GCC_WARN_UNUSED_VARIABLE = YES;
				MACOSX_DEPLOYMENT_TARGET = 10.9;
				MTL_ENABLE_DEBUG_INFO = NO;
				SDKROOT = macosx;
			};
			name = Release;
		};
		D7193FFD1B1E2B840027ACBB /* Debug */ = {
			isa = XCBuildConfiguration;
			buildSettings = {
				HEADER_SEARCH_PATHS = (
					/Users/Leonard/Documents/Programming/GameEngineDev/Dependencies/include,
					/Users/Leonard/Documents/Programming/GameEngineDev/Build/Products/Debug/usr/local/include,
				);
				LIBRARY_SEARCH_PATHS = (
					"$(inherited)",
					/Users/Leonard/Documents/Programming/GameEngineDev/Build/Products/Debug,
					/Users/Leonard/Documents/Programming/GameEngineDev/Dependencies/lib,
				);
				PRODUCT_NAME = "$(TARGET_NAME)";
			};
			name = Debug;
		};
		D7193FFE1B1E2B840027ACBB /* Release */ = {
			isa = XCBuildConfiguration;
			buildSettings = {
				HEADER_SEARCH_PATHS = (
					/Users/Leonard/Documents/Programming/GameEngineDev/Dependencies/include,
					/Users/Leonard/Documents/Programming/GameEngineDev/Build/Products/Debug/usr/local/include,
				);
				LIBRARY_SEARCH_PATHS = (
					"$(inherited)",
					/Users/Leonard/Documents/Programming/GameEngineDev/Build/Products/Debug,
					/Users/Leonard/Documents/Programming/GameEngineDev/Dependencies/lib,
				);
				PRODUCT_NAME = "$(TARGET_NAME)";
			};
			name = Release;
		};
/* End XCBuildConfiguration section */

/* Begin XCConfigurationList section */
		D7193FF01B1E2B840027ACBB /* Build configuration list for PBXProject "LotusTesting" */ = {
			isa = XCConfigurationList;
			buildConfigurations = (
				D7193FFA1B1E2B840027ACBB /* Debug */,
				D7193FFB1B1E2B840027ACBB /* Release */,
			);
			defaultConfigurationIsVisible = 0;
			defaultConfigurationName = Release;
		};
		D7193FFC1B1E2B840027ACBB /* Build configuration list for PBXNativeTarget "LotusTesting" */ = {
			isa = XCConfigurationList;
			buildConfigurations = (
				D7193FFD1B1E2B840027ACBB /* Debug */,
				D7193FFE1B1E2B840027ACBB /* Release */,
			);
			defaultConfigurationIsVisible = 0;
			defaultConfigurationName = Release;
		};
/* End XCConfigurationList section */
	};
	rootObject = D7193FED1B1E2B840027ACBB /* Project object */;
}
