// !$*UTF8*$!
{
	archiveVersion = 1;
	classes = {
	};
	objectVersion = 46;
	objects = {

/* Begin PBXBuildFile section */
		D71940011B1E2BC20027ACBB /* main.cpp in Sources */ = {isa = PBXBuildFile; fileRef = D71940001B1E2BC20027ACBB /* main.cpp */; };
		D71940031B1E2BCC0027ACBB /* libLotusEngine.a in Frameworks */ = {isa = PBXBuildFile; fileRef = D71940021B1E2BCC0027ACBB /* libLotusEngine.a */; };
		D71940051B1E2BD40027ACBB /* OpenGL.framework in Frameworks */ = {isa = PBXBuildFile; fileRef = D71940041B1E2BD40027ACBB /* OpenGL.framework */; };
		D71940081B1E2BE30027ACBB /* libglfw3.3.1.dylib in Frameworks */ = {isa = PBXBuildFile; fileRef = D71940061B1E2BE30027ACBB /* libglfw3.3.1.dylib */; };
		D71940091B1E2BE30027ACBB /* libGLEW.1.11.0.dylib in Frameworks */ = {isa = PBXBuildFile; fileRef = D71940071B1E2BE30027ACBB /* libGLEW.1.11.0.dylib */; };
		D71940B61B1E30730027ACBB /* forward_ambient-frag.glsl in CopyFiles */ = {isa = PBXBuildFile; fileRef = D719409E1B1E30580027ACBB /* forward_ambient-frag.glsl */; };
		D71940B71B1E30730027ACBB /* forward_directional-frag.glsl in CopyFiles */ = {isa = PBXBuildFile; fileRef = D719409F1B1E30580027ACBB /* forward_directional-frag.glsl */; };
		D71940B81B1E30730027ACBB /* forward_main-frag.glsl in CopyFiles */ = {isa = PBXBuildFile; fileRef = D71940A01B1E30580027ACBB /* forward_main-frag.glsl */; };
		D71940B91B1E30730027ACBB /* forward_point-frag.glsl in CopyFiles */ = {isa = PBXBuildFile; fileRef = D71940A11B1E30580027ACBB /* forward_point-frag.glsl */; };
		D71940BA1B1E30730027ACBB /* forward_sampling.glsl in CopyFiles */ = {isa = PBXBuildFile; fileRef = D71940A21B1E30580027ACBB /* forward_sampling.glsl */; };
		D71940BB1B1E30730027ACBB /* forward_shared-frag.glsl in CopyFiles */ = {isa = PBXBuildFile; fileRef = D71940A31B1E30580027ACBB /* forward_shared-frag.glsl */; };
		D71940BC1B1E30730027ACBB /* forward_shared-vert.glsl in CopyFiles */ = {isa = PBXBuildFile; fileRef = D71940A41B1E30580027ACBB /* forward_shared-vert.glsl */; };
		D71940BD1B1E30730027ACBB /* forward_spot-frag.glsl in CopyFiles */ = {isa = PBXBuildFile; fileRef = D71940A51B1E30580027ACBB /* forward_spot-frag.glsl */; };
		D71940BE1B1E30730027ACBB /* lighting.glsl in CopyFiles */ = {isa = PBXBuildFile; fileRef = D71940A61B1E30580027ACBB /* lighting.glsl */; };
		D71940BF1B1E30730027ACBB /* phong-frag.glsl in CopyFiles */ = {isa = PBXBuildFile; fileRef = D71940A71B1E30580027ACBB /* phong-frag.glsl */; };
		D71940C01B1E30730027ACBB /* simple-frag.glsl in CopyFiles */ = {isa = PBXBuildFile; fileRef = D71940A81B1E30580027ACBB /* simple-frag.glsl */; };
		D71940C11B1E30730027ACBB /* simple-vert.glsl in CopyFiles */ = {isa = PBXBuildFile; fileRef = D71940A91B1E30580027ACBB /* simple-vert.glsl */; };
		D71940C31B1E30850027ACBB /* black.png in CopyFiles */ = {isa = PBXBuildFile; fileRef = D71940AB1B1E30580027ACBB /* black.png */; };
		D71940C41B1E30850027ACBB /* bricks.png in CopyFiles */ = {isa = PBXBuildFile; fileRef = D71940AC1B1E30580027ACBB /* bricks.png */; };
		D71940C51B1E30850027ACBB /* bricks2.png in CopyFiles */ = {isa = PBXBuildFile; fileRef = D71940AD1B1E30580027ACBB /* bricks2.png */; };
		D71940C61B1E30850027ACBB /* bricks2_disp.png in CopyFiles */ = {isa = PBXBuildFile; fileRef = D71940AE1B1E30590027ACBB /* bricks2_disp.png */; };
		D71940C71B1E30850027ACBB /* bricks2_normal.png in CopyFiles */ = {isa = PBXBuildFile; fileRef = D71940AF1B1E30590027ACBB /* bricks2_normal.png */; };
		D71940C81B1E30850027ACBB /* bricks_disp.png in CopyFiles */ = {isa = PBXBuildFile; fileRef = D71940B01B1E30590027ACBB /* bricks_disp.png */; };
		D71940C91B1E30850027ACBB /* bricks_normal.png in CopyFiles */ = {isa = PBXBuildFile; fileRef = D71940B11B1E30590027ACBB /* bricks_normal.png */; };
		D71940CA1B1E30850027ACBB /* default.png in CopyFiles */ = {isa = PBXBuildFile; fileRef = D71940B21B1E30590027ACBB /* default.png */; };
		D71940CB1B1E30850027ACBB /* default_disp.png in CopyFiles */ = {isa = PBXBuildFile; fileRef = D71940B31B1E30590027ACBB /* default_disp.png */; };
		D71940CC1B1E30850027ACBB /* default_normal.png in CopyFiles */ = {isa = PBXBuildFile; fileRef = D71940B41B1E30590027ACBB /* default_normal.png */; };
		D71940CD1B1E30850027ACBB /* white.png in CopyFiles */ = {isa = PBXBuildFile; fileRef = D71940B51B1E30590027ACBB /* white.png */; };
		D71940CF1B1E309B0027ACBB /* dragon.obj in CopyFiles */ = {isa = PBXBuildFile; fileRef = D719409C1B1E30580027ACBB /* dragon.obj */; };
/* End PBXBuildFile section */

/* Begin PBXCopyFilesBuildPhase section */
		D7193FF31B1E2B840027ACBB /* CopyFiles */ = {
			isa = PBXCopyFilesBuildPhase;
			buildActionMask = 12;
			dstPath = res/shaders;
			dstSubfolderSpec = 16;
			files = (
				D71940B61B1E30730027ACBB /* forward_ambient-frag.glsl in CopyFiles */,
				D71940B71B1E30730027ACBB /* forward_directional-frag.glsl in CopyFiles */,
				D71940B81B1E30730027ACBB /* forward_main-frag.glsl in CopyFiles */,
				D71940B91B1E30730027ACBB /* forward_point-frag.glsl in CopyFiles */,
				D71940BA1B1E30730027ACBB /* forward_sampling.glsl in CopyFiles */,
				D71940BB1B1E30730027ACBB /* forward_shared-frag.glsl in CopyFiles */,
				D71940BC1B1E30730027ACBB /* forward_shared-vert.glsl in CopyFiles */,
				D71940BD1B1E30730027ACBB /* forward_spot-frag.glsl in CopyFiles */,
				D71940BE1B1E30730027ACBB /* lighting.glsl in CopyFiles */,
				D71940BF1B1E30730027ACBB /* phong-frag.glsl in CopyFiles */,
				D71940C01B1E30730027ACBB /* simple-frag.glsl in CopyFiles */,
				D71940C11B1E30730027ACBB /* simple-vert.glsl in CopyFiles */,
			);
			runOnlyForDeploymentPostprocessing = 0;
		};
		D71940C21B1E30790027ACBB /* CopyFiles */ = {
			isa = PBXCopyFilesBuildPhase;
			buildActionMask = 2147483647;
			dstPath = res/textures;
			dstSubfolderSpec = 7;
			files = (
				D71940C31B1E30850027ACBB /* black.png in CopyFiles */,
				D71940C41B1E30850027ACBB /* bricks.png in CopyFiles */,
				D71940C51B1E30850027ACBB /* bricks2.png in CopyFiles */,
				D71940C61B1E30850027ACBB /* bricks2_disp.png in CopyFiles */,
				D71940C71B1E30850027ACBB /* bricks2_normal.png in CopyFiles */,
				D71940C81B1E30850027ACBB /* bricks_disp.png in CopyFiles */,
				D71940C91B1E30850027ACBB /* bricks_normal.png in CopyFiles */,
				D71940CA1B1E30850027ACBB /* default.png in CopyFiles */,
				D71940CB1B1E30850027ACBB /* default_disp.png in CopyFiles */,
				D71940CC1B1E30850027ACBB /* default_normal.png in CopyFiles */,
				D71940CD1B1E30850027ACBB /* white.png in CopyFiles */,
			);
			runOnlyForDeploymentPostprocessing = 0;
		};
		D71940CE1B1E308B0027ACBB /* CopyFiles */ = {
			isa = PBXCopyFilesBuildPhase;
			buildActionMask = 2147483647;
			dstPath = res/models;
			dstSubfolderSpec = 7;
			files = (
				D71940CF1B1E309B0027ACBB /* dragon.obj in CopyFiles */,
			);
			runOnlyForDeploymentPostprocessing = 0;
		};
/* End PBXCopyFilesBuildPhase section */

/* Begin PBXFileReference section */
		D7193FF51B1E2B840027ACBB /* LotusTesting */ = {isa = PBXFileReference; explicitFileType = "compiled.mach-o.executable"; includeInIndex = 0; path = LotusTesting; sourceTree = BUILT_PRODUCTS_DIR; };
		D71940001B1E2BC20027ACBB /* main.cpp */ = {isa = PBXFileReference; fileEncoding = 4; lastKnownFileType = sourcecode.cpp.cpp; path = main.cpp; sourceTree = "<group>"; };
		D71940021B1E2BCC0027ACBB /* libLotusEngine.a */ = {isa = PBXFileReference; lastKnownFileType = archive.ar; name = libLotusEngine.a; path = ../Build/Products/Debug/libLotusEngine.a; sourceTree = "<group>"; };
		D71940041B1E2BD40027ACBB /* OpenGL.framework */ = {isa = PBXFileReference; lastKnownFileType = wrapper.framework; name = OpenGL.framework; path = System/Library/Frameworks/OpenGL.framework; sourceTree = SDKROOT; };
		D71940061B1E2BE30027ACBB /* libglfw3.3.1.dylib */ = {isa = PBXFileReference; lastKnownFileType = "compiled.mach-o.dylib"; name = libglfw3.3.1.dylib; path = ../Dependencies/lib/libglfw3.3.1.dylib; sourceTree = "<group>"; };
		D71940071B1E2BE30027ACBB /* libGLEW.1.11.0.dylib */ = {isa = PBXFileReference; lastKnownFileType = "compiled.mach-o.dylib"; name = libGLEW.1.11.0.dylib; path = ../Dependencies/lib/libGLEW.1.11.0.dylib; sourceTree = "<group>"; };
		D719409C1B1E30580027ACBB /* dragon.obj */ = {isa = PBXFileReference; lastKnownFileType = text; path = dragon.obj; sourceTree = "<group>"; };
		D719409E1B1E30580027ACBB /* forward_ambient-frag.glsl */ = {isa = PBXFileReference; lastKnownFileType = text; path = "forward_ambient-frag.glsl"; sourceTree = "<group>"; };
		D719409F1B1E30580027ACBB /* forward_directional-frag.glsl */ = {isa = PBXFileReference; lastKnownFileType = text; path = "forward_directional-frag.glsl"; sourceTree = "<group>"; };
		D71940A01B1E30580027ACBB /* forward_main-frag.glsl */ = {isa = PBXFileReference; lastKnownFileType = text; path = "forward_main-frag.glsl"; sourceTree = "<group>"; };
		D71940A11B1E30580027ACBB /* forward_point-frag.glsl */ = {isa = PBXFileReference; lastKnownFileType = text; path = "forward_point-frag.glsl"; sourceTree = "<group>"; };
		D71940A21B1E30580027ACBB /* forward_sampling.glsl */ = {isa = PBXFileReference; lastKnownFileType = text; path = forward_sampling.glsl; sourceTree = "<group>"; };
		D71940A31B1E30580027ACBB /* forward_shared-frag.glsl */ = {isa = PBXFileReference; lastKnownFileType = text; path = "forward_shared-frag.glsl"; sourceTree = "<group>"; };
		D71940A41B1E30580027ACBB /* forward_shared-vert.glsl */ = {isa = PBXFileReference; lastKnownFileType = text; path = "forward_shared-vert.glsl"; sourceTree = "<group>"; };
		D71940A51B1E30580027ACBB /* forward_spot-frag.glsl */ = {isa = PBXFileReference; lastKnownFileType = text; path = "forward_spot-frag.glsl"; sourceTree = "<group>"; };
		D71940A61B1E30580027ACBB /* lighting.glsl */ = {isa = PBXFileReference; lastKnownFileType = text; path = lighting.glsl; sourceTree = "<group>"; };
		D71940A71B1E30580027ACBB /* phong-frag.glsl */ = {isa = PBXFileReference; lastKnownFileType = text; path = "phong-frag.glsl"; sourceTree = "<group>"; };
		D71940A81B1E30580027ACBB /* simple-frag.glsl */ = {isa = PBXFileReference; lastKnownFileType = text; path = "simple-frag.glsl"; sourceTree = "<group>"; };
		D71940A91B1E30580027ACBB /* simple-vert.glsl */ = {isa = PBXFileReference; lastKnownFileType = text; path = "simple-vert.glsl"; sourceTree = "<group>"; };
		D71940AB1B1E30580027ACBB /* black.png */ = {isa = PBXFileReference; lastKnownFileType = image.png; path = black.png; sourceTree = "<group>"; };
		D71940AC1B1E30580027ACBB /* bricks.png */ = {isa = PBXFileReference; lastKnownFileType = image.png; path = bricks.png; sourceTree = "<group>"; };
		D71940AD1B1E30580027ACBB /* bricks2.png */ = {isa = PBXFileReference; lastKnownFileType = image.png; path = bricks2.png; sourceTree = "<group>"; };
		D71940AE1B1E30590027ACBB /* bricks2_disp.png */ = {isa = PBXFileReference; lastKnownFileType = image.png; path = bricks2_disp.png; sourceTree = "<group>"; };
		D71940AF1B1E30590027ACBB /* bricks2_normal.png */ = {isa = PBXFileReference; lastKnownFileType = image.png; path = bricks2_normal.png; sourceTree = "<group>"; };
		D71940B01B1E30590027ACBB /* bricks_disp.png */ = {isa = PBXFileReference; lastKnownFileType = image.png; path = bricks_disp.png; sourceTree = "<group>"; };
		D71940B11B1E30590027ACBB /* bricks_normal.png */ = {isa = PBXFileReference; lastKnownFileType = image.png; path = bricks_normal.png; sourceTree = "<group>"; };
		D71940B21B1E30590027ACBB /* default.png */ = {isa = PBXFileReference; lastKnownFileType = image.png; path = default.png; sourceTree = "<group>"; };
		D71940B31B1E30590027ACBB /* default_disp.png */ = {isa = PBXFileReference; lastKnownFileType = image.png; path = default_disp.png; sourceTree = "<group>"; };
		D71940B41B1E30590027ACBB /* default_normal.png */ = {isa = PBXFileReference; lastKnownFileType = image.png; path = default_normal.png; sourceTree = "<group>"; };
		D71940B51B1E30590027ACBB /* white.png */ = {isa = PBXFileReference; lastKnownFileType = image.png; path = white.png; sourceTree = "<group>"; };
/* End PBXFileReference section */

/* Begin PBXFrameworksBuildPhase section */
		D7193FF21B1E2B840027ACBB /* Frameworks */ = {
			isa = PBXFrameworksBuildPhase;
			buildActionMask = 2147483647;
			files = (
				D71940081B1E2BE30027ACBB /* libglfw3.3.1.dylib in Frameworks */,
				D71940091B1E2BE30027ACBB /* libGLEW.1.11.0.dylib in Frameworks */,
				D71940051B1E2BD40027ACBB /* OpenGL.framework in Frameworks */,
				D71940031B1E2BCC0027ACBB /* libLotusEngine.a in Frameworks */,
			);
			runOnlyForDeploymentPostprocessing = 0;
		};
/* End PBXFrameworksBuildPhase section */

/* Begin PBXGroup section */
		D7193FEC1B1E2B840027ACBB = {
			isa = PBXGroup;
			children = (
				D71940061B1E2BE30027ACBB /* libglfw3.3.1.dylib */,
				D71940071B1E2BE30027ACBB /* libGLEW.1.11.0.dylib */,
				D71940041B1E2BD40027ACBB /* OpenGL.framework */,
				D71940021B1E2BCC0027ACBB /* libLotusEngine.a */,
				D719409A1B1E30580027ACBB /* res */,
				D7193FFF1B1E2BC20027ACBB /* src */,
				D7193FF61B1E2B840027ACBB /* Products */,
			);
			sourceTree = "<group>";
		};
		D7193FF61B1E2B840027ACBB /* Products */ = {
			isa = PBXGroup;
			children = (
				D7193FF51B1E2B840027ACBB /* LotusTesting */,
			);
			name = Products;
			sourceTree = "<group>";
		};
		D7193FFF1B1E2BC20027ACBB /* src */ = {
			isa = PBXGroup;
			children = (
				D71940001B1E2BC20027ACBB /* main.cpp */,
			);
			path = src;
			sourceTree = "<group>";
		};
		D719409A1B1E30580027ACBB /* res */ = {
			isa = PBXGroup;
			children = (
				D719409B1B1E30580027ACBB /* models */,
				D719409D1B1E30580027ACBB /* shaders */,
				D71940AA1B1E30580027ACBB /* textures */,
			);
			name = res;
			path = ../../Lotus/res;
			sourceTree = "<group>";
		};
		D719409B1B1E30580027ACBB /* models */ = {
			isa = PBXGroup;
			children = (
				D719409C1B1E30580027ACBB /* dragon.obj */,
			);
			path = models;
			sourceTree = "<group>";
		};
		D719409D1B1E30580027ACBB /* shaders */ = {
			isa = PBXGroup;
			children = (
				D719409E1B1E30580027ACBB /* forward_ambient-frag.glsl */,
				D719409F1B1E30580027ACBB /* forward_directional-frag.glsl */,
				D71940A01B1E30580027ACBB /* forward_main-frag.glsl */,
				D71940A11B1E30580027ACBB /* forward_point-frag.glsl */,
				D71940A21B1E30580027ACBB /* forward_sampling.glsl */,
				D71940A31B1E30580027ACBB /* forward_shared-frag.glsl */,
				D71940A41B1E30580027ACBB /* forward_shared-vert.glsl */,
				D71940A51B1E30580027ACBB /* forward_spot-frag.glsl */,
				D71940A61B1E30580027ACBB /* lighting.glsl */,
				D71940A71B1E30580027ACBB /* phong-frag.glsl */,
				D71940A81B1E30580027ACBB /* simple-frag.glsl */,
				D71940A91B1E30580027ACBB /* simple-vert.glsl */,
			);
			path = shaders;
			sourceTree = "<group>";
		};
		D71940AA1B1E30580027ACBB /* textures */ = {
			isa = PBXGroup;
			children = (
				D71940AB1B1E30580027ACBB /* black.png */,
				D71940AC1B1E30580027ACBB /* bricks.png */,
				D71940AD1B1E30580027ACBB /* bricks2.png */,
				D71940AE1B1E30590027ACBB /* bricks2_disp.png */,
				D71940AF1B1E30590027ACBB /* bricks2_normal.png */,
				D71940B01B1E30590027ACBB /* bricks_disp.png */,
				D71940B11B1E30590027ACBB /* bricks_normal.png */,
				D71940B21B1E30590027ACBB /* default.png */,
				D71940B31B1E30590027ACBB /* default_disp.png */,
				D71940B41B1E30590027ACBB /* default_normal.png */,
				D71940B51B1E30590027ACBB /* white.png */,
			);
			path = textures;
			sourceTree = "<group>";
		};
/* End PBXGroup section */

/* Begin PBXNativeTarget section */
		D7193FF41B1E2B840027ACBB /* LotusTesting */ = {
			isa = PBXNativeTarget;
			buildConfigurationList = D7193FFC1B1E2B840027ACBB /* Build configuration list for PBXNativeTarget "LotusTesting" */;
			buildPhases = (
				D7193FF11B1E2B840027ACBB /* Sources */,
				D7193FF21B1E2B840027ACBB /* Frameworks */,
				D7193FF31B1E2B840027ACBB /* CopyFiles */,
				D71940C21B1E30790027ACBB /* CopyFiles */,
				D71940CE1B1E308B0027ACBB /* CopyFiles */,
			);
			buildRules = (
			);
			dependencies = (
			);
			name = LotusTesting;
			productName = LotusTesting;
			productReference = D7193FF51B1E2B840027ACBB /* LotusTesting */;
			productType = "com.apple.product-type.tool";
		};
/* End PBXNativeTarget section */

/* Begin PBXProject section */
		D7193FED1B1E2B840027ACBB /* Project object */ = {
			isa = PBXProject;
			attributes = {
				LastUpgradeCheck = 0620;
				ORGANIZATIONNAME = "Leonard Vollmann";
				TargetAttributes = {
					D7193FF41B1E2B840027ACBB = {
						CreatedOnToolsVersion = 6.2;
					};
				};
			};
			buildConfigurationList = D7193FF01B1E2B840027ACBB /* Build configuration list for PBXProject "LotusTesting" */;
			compatibilityVersion = "Xcode 3.2";
			developmentRegion = English;
			hasScannedForEncodings = 0;
			knownRegions = (
				en,
			);
			mainGroup = D7193FEC1B1E2B840027ACBB;
			productRefGroup = D7193FF61B1E2B840027ACBB /* Products */;
			projectDirPath = "";
			projectRoot = "";
			targets = (
				D7193FF41B1E2B840027ACBB /* LotusTesting */,
			);
		};
/* End PBXProject section */

/* Begin PBXSourcesBuildPhase section */
		D7193FF11B1E2B840027ACBB /* Sources */ = {
			isa = PBXSourcesBuildPhase;
			buildActionMask = 2147483647;
			files = (
				D71940011B1E2BC20027ACBB /* main.cpp in Sources */,
			);
			runOnlyForDeploymentPostprocessing = 0;
		};
/* End PBXSourcesBuildPhase section */

/* Begin XCBuildConfiguration section */
		D7193FFA1B1E2B840027ACBB /* Debug */ = {
			isa = XCBuildConfiguration;
			buildSettings = {
				ALWAYS_SEARCH_USER_PATHS = NO;
				CLANG_CXX_LANGUAGE_STANDARD = "gnu++0x";
				CLANG_CXX_LIBRARY = "libc++";
				CLANG_ENABLE_MODULES = YES;
				CLANG_ENABLE_OBJC_ARC = YES;
				CLANG_WARN_BOOL_CONVERSION = YES;
				CLANG_WARN_CONSTANT_CONVERSION = YES;
				CLANG_WARN_DIRECT_OBJC_ISA_USAGE = YES_ERROR;
				CLANG_WARN_EMPTY_BODY = YES;
				CLANG_WARN_ENUM_CONVERSION = YES;
				CLANG_WARN_INT_CONVERSION = YES;
				CLANG_WARN_OBJC_ROOT_CLASS = YES_ERROR;
				CLANG_WARN_UNREACHABLE_CODE = YES;
				CLANG_WARN__DUPLICATE_METHOD_MATCH = YES;
				COPY_PHASE_STRIP = NO;
				ENABLE_STRICT_OBJC_MSGSEND = YES;
				GCC_C_LANGUAGE_STANDARD = gnu99;
				GCC_DYNAMIC_NO_PIC = NO;
				GCC_OPTIMIZATION_LEVEL = 0;
				GCC_PREPROCESSOR_DEFINITIONS = (
					"DEBUG=1",
					"$(inherited)",
				);
				GCC_SYMBOLS_PRIVATE_EXTERN = NO;
				GCC_WARN_64_TO_32_BIT_CONVERSION = YES;
				GCC_WARN_ABOUT_RETURN_TYPE = YES_ERROR;
				GCC_WARN_UNDECLARED_SELECTOR = YES;
				GCC_WARN_UNINITIALIZED_AUTOS = YES_AGGRESSIVE;
				GCC_WARN_UNUSED_FUNCTION = YES;
				GCC_WARN_UNUSED_VARIABLE = YES;
				MACOSX_DEPLOYMENT_TARGET = 10.9;
				MTL_ENABLE_DEBUG_INFO = YES;
				ONLY_ACTIVE_ARCH = YES;
				SDKROOT = macosx;
			};
			name = Debug;
		};
		D7193FFB1B1E2B840027ACBB /* Release */ = {
			isa = XCBuildConfiguration;
			buildSettings = {
				ALWAYS_SEARCH_USER_PATHS = NO;
				CLANG_CXX_LANGUAGE_STANDARD = "gnu++0x";
				CLANG_CXX_LIBRARY = "libc++";
				CLANG_ENABLE_MODULES = YES;
				CLANG_ENABLE_OBJC_ARC = YES;
				CLANG_WARN_BOOL_CONVERSION = YES;
				CLANG_WARN_CONSTANT_CONVERSION = YES;
				CLANG_WARN_DIRECT_OBJC_ISA_USAGE = YES_ERROR;
				CLANG_WARN_EMPTY_BODY = YES;
				CLANG_WARN_ENUM_CONVERSION = YES;
				CLANG_WARN_INT_CONVERSION = YES;
				CLANG_WARN_OBJC_ROOT_CLASS = YES_ERROR;
				CLANG_WARN_UNREACHABLE_CODE = YES;
				CLANG_WARN__DUPLICATE_METHOD_MATCH = YES;
				COPY_PHASE_STRIP = NO;
				DEBUG_INFORMATION_FORMAT = "dwarf-with-dsym";
				ENABLE_NS_ASSERTIONS = NO;
				ENABLE_STRICT_OBJC_MSGSEND = YES;
				GCC_C_LANGUAGE_STANDARD = gnu99;
				GCC_WARN_64_TO_32_BIT_CONVERSION = YES;
				GCC_WARN_ABOUT_RETURN_TYPE = YES_ERROR;
				GCC_WARN_UNDECLARED_SELECTOR = YES;
				GCC_WARN_UNINITIALIZED_AUTOS = YES_AGGRESSIVE;
				GCC_WARN_UNUSED_FUNCTION = YES;
				GCC_WARN_UNUSED_VARIABLE = YES;
				MACOSX_DEPLOYMENT_TARGET = 10.9;
				MTL_ENABLE_DEBUG_INFO = NO;
				SDKROOT = macosx;
			};
			name = Release;
		};
		D7193FFD1B1E2B840027ACBB /* Debug */ = {
			isa = XCBuildConfiguration;
			buildSettings = {
				HEADER_SEARCH_PATHS = (
					/Users/Leonard/Documents/Programming/GameEngineDev/Dependencies/include,
					/Users/Leonard/Documents/Programming/GameEngineDev/Build/Products/Debug/usr/local/include,
				);
				LIBRARY_SEARCH_PATHS = (
					"$(inherited)",
					/Users/Leonard/Documents/Programming/GameEngineDev/Build/Products/Debug,
					/Users/Leonard/Documents/Programming/GameEngineDev/Dependencies/lib,
				);
				PRODUCT_NAME = "$(TARGET_NAME)";
			};
			name = Debug;
		};
		D7193FFE1B1E2B840027ACBB /* Release */ = {
			isa = XCBuildConfiguration;
			buildSettings = {
				HEADER_SEARCH_PATHS = (
					/Users/Leonard/Documents/Programming/GameEngineDev/Dependencies/include,
					/Users/Leonard/Documents/Programming/GameEngineDev/Build/Products/Debug/usr/local/include,
				);
				LIBRARY_SEARCH_PATHS = (
					"$(inherited)",
					/Users/Leonard/Documents/Programming/GameEngineDev/Build/Products/Debug,
					/Users/Leonard/Documents/Programming/GameEngineDev/Dependencies/lib,
				);
				PRODUCT_NAME = "$(TARGET_NAME)";
			};
			name = Release;
		};
/* End XCBuildConfiguration section */

/* Begin XCConfigurationList section */
		D7193FF01B1E2B840027ACBB /* Build configuration list for PBXProject "LotusTesting" */ = {
			isa = XCConfigurationList;
			buildConfigurations = (
				D7193FFA1B1E2B840027ACBB /* Debug */,
				D7193FFB1B1E2B840027ACBB /* Release */,
			);
			defaultConfigurationIsVisible = 0;
			defaultConfigurationName = Release;
		};
		D7193FFC1B1E2B840027ACBB /* Build configuration list for PBXNativeTarget "LotusTesting" */ = {
			isa = XCConfigurationList;
			buildConfigurations = (
				D7193FFD1B1E2B840027ACBB /* Debug */,
				D7193FFE1B1E2B840027ACBB /* Release */,
			);
			defaultConfigurationIsVisible = 0;
		};
/* End XCConfigurationList section */
	};
	rootObject = D7193FED1B1E2B840027ACBB /* Project object */;
}
