// !$*UTF8*$!
{
	archiveVersion = 1;
	classes = {
	};
	objectVersion = 46;
	objects = {

/* Begin PBXBuildFile section */
		D70A39651BA9D4E100BF3177 /* main.cpp in Sources */ = {isa = PBXBuildFile; fileRef = D70A39641BA9D4E100BF3177 /* main.cpp */; };
		D70A39671BA9D54000BF3177 /* libLotusEngine.a in Frameworks */ = {isa = PBXBuildFile; fileRef = D70A39661BA9D54000BF3177 /* libLotusEngine.a */; };
		D70A39691BA9D66C00BF3177 /* OpenGL.framework in Frameworks */ = {isa = PBXBuildFile; fileRef = D70A39681BA9D66C00BF3177 /* OpenGL.framework */; };
		D70A396B1BA9D67C00BF3177 /* libGLEW.1.12.0.dylib in Frameworks */ = {isa = PBXBuildFile; fileRef = D70A396A1BA9D67C00BF3177 /* libGLEW.1.12.0.dylib */; };
		D70A396D1BA9D68900BF3177 /* libglfw3.3.1.dylib in Frameworks */ = {isa = PBXBuildFile; fileRef = D70A396C1BA9D68900BF3177 /* libglfw3.3.1.dylib */; };
/* End PBXBuildFile section */

/* Begin PBXCopyFilesBuildPhase section */
		D70A39571BA9D4CE00BF3177 /* Copy Files */ = {
			isa = PBXCopyFilesBuildPhase;
			buildActionMask = 2147483647;
			dstPath = /usr/share/man/man1/;
			dstSubfolderSpec = 0;
			files = (
			);
			name = "Copy Files";
			runOnlyForDeploymentPostprocessing = 1;
		};
/* End PBXCopyFilesBuildPhase section */

/* Begin PBXFileReference section */
		D70A39591BA9D4CE00BF3177 /* Sanbox */ = {isa = PBXFileReference; explicitFileType = "compiled.mach-o.executable"; includeInIndex = 0; path = Sanbox; sourceTree = BUILT_PRODUCTS_DIR; };
		D70A39641BA9D4E100BF3177 /* main.cpp */ = {isa = PBXFileReference; fileEncoding = 4; lastKnownFileType = sourcecode.cpp.cpp; path = main.cpp; sourceTree = "<group>"; };
		D70A39661BA9D54000BF3177 /* libLotusEngine.a */ = {isa = PBXFileReference; lastKnownFileType = archive.ar; name = libLotusEngine.a; path = "../../../../Library/Developer/Xcode/DerivedData/Lotus-clwyoulhanyyhcgravwruhodmmml/Build/Products/Debug/libLotusEngine.a"; sourceTree = "<group>"; };
		D70A39681BA9D66C00BF3177 /* OpenGL.framework */ = {isa = PBXFileReference; lastKnownFileType = wrapper.framework; name = OpenGL.framework; path = System/Library/Frameworks/OpenGL.framework; sourceTree = SDKROOT; };
		D70A396A1BA9D67C00BF3177 /* libGLEW.1.12.0.dylib */ = {isa = PBXFileReference; lastKnownFileType = "compiled.mach-o.dylib"; name = libGLEW.1.12.0.dylib; path = ../../../../../../usr/local/Cellar/glew/1.12.0/lib/libGLEW.1.12.0.dylib; sourceTree = "<group>"; };
		D70A396C1BA9D68900BF3177 /* libglfw3.3.1.dylib */ = {isa = PBXFileReference; lastKnownFileType = "compiled.mach-o.dylib"; name = libglfw3.3.1.dylib; path = ../../../../../../usr/local/Cellar/glfw3/3.1.1/lib/libglfw3.3.1.dylib; sourceTree = "<group>"; };
/* End PBXFileReference section */

/* Begin PBXFrameworksBuildPhase section */
		D70A39561BA9D4CE00BF3177 /* Frameworks */ = {
			isa = PBXFrameworksBuildPhase;
			buildActionMask = 2147483647;
			files = (
				D70A396D1BA9D68900BF3177 /* libglfw3.3.1.dylib in Frameworks */,
				D70A396B1BA9D67C00BF3177 /* libGLEW.1.12.0.dylib in Frameworks */,
				D70A39691BA9D66C00BF3177 /* OpenGL.framework in Frameworks */,
				D70A39671BA9D54000BF3177 /* libLotusEngine.a in Frameworks */,
			);
			runOnlyForDeploymentPostprocessing = 0;
		};
/* End PBXFrameworksBuildPhase section */

/* Begin PBXGroup section */
		D70A39501BA9D4CE00BF3177 = {
			isa = PBXGroup;
			children = (
				D70A396C1BA9D68900BF3177 /* libglfw3.3.1.dylib */,
				D70A396A1BA9D67C00BF3177 /* libGLEW.1.12.0.dylib */,
				D70A39681BA9D66C00BF3177 /* OpenGL.framework */,
				D70A39661BA9D54000BF3177 /* libLotusEngine.a */,
				D70A39631BA9D4E100BF3177 /* src */,
				D70A395A1BA9D4CE00BF3177 /* Products */,
			);
			sourceTree = "<group>";
		};
		D70A395A1BA9D4CE00BF3177 /* Products */ = {
			isa = PBXGroup;
			children = (
				D70A39591BA9D4CE00BF3177 /* Sanbox */,
			);
			name = Products;
			sourceTree = "<group>";
		};
		D70A39631BA9D4E100BF3177 /* src */ = {
			isa = PBXGroup;
			children = (
				D70A39641BA9D4E100BF3177 /* main.cpp */,
			);
			path = src;
			sourceTree = "<group>";
		};
/* End PBXGroup section */

/* Begin PBXNativeTarget section */
		D70A39581BA9D4CE00BF3177 /* Sanbox */ = {
			isa = PBXNativeTarget;
			buildConfigurationList = D70A39601BA9D4CE00BF3177 /* Build configuration list for PBXNativeTarget "Sanbox" */;
			buildPhases = (
				D70A39551BA9D4CE00BF3177 /* Sources */,
				D70A39561BA9D4CE00BF3177 /* Frameworks */,
				D70A39571BA9D4CE00BF3177 /* Copy Files */,
			);
			buildRules = (
			);
			dependencies = (
			);
			name = Sanbox;
			productName = Sanbox;
			productReference = D70A39591BA9D4CE00BF3177 /* Sanbox */;
			productType = "com.apple.product-type.tool";
		};
/* End PBXNativeTarget section */

/* Begin PBXProject section */
		D70A39511BA9D4CE00BF3177 /* Project object */ = {
			isa = PBXProject;
			attributes = {
				LastUpgradeCheck = 0640;
				ORGANIZATIONNAME = "Leonard Vollmann";
				TargetAttributes = {
					D70A39581BA9D4CE00BF3177 = {
						CreatedOnToolsVersion = 6.4;
					};
				};
			};
			buildConfigurationList = D70A39541BA9D4CE00BF3177 /* Build configuration list for PBXProject "Sanbox" */;
			compatibilityVersion = "Xcode 3.2";
			developmentRegion = English;
			hasScannedForEncodings = 0;
			knownRegions = (
				en,
			);
			mainGroup = D70A39501BA9D4CE00BF3177;
			productRefGroup = D70A395A1BA9D4CE00BF3177 /* Products */;
			projectDirPath = "";
			projectRoot = "";
			targets = (
				D70A39581BA9D4CE00BF3177 /* Sanbox */,
			);
		};
/* End PBXProject section */

/* Begin PBXSourcesBuildPhase section */
		D70A39551BA9D4CE00BF3177 /* Sources */ = {
			isa = PBXSourcesBuildPhase;
			buildActionMask = 2147483647;
			files = (
				D70A39651BA9D4E100BF3177 /* main.cpp in Sources */,
			);
			runOnlyForDeploymentPostprocessing = 0;
		};
/* End PBXSourcesBuildPhase section */

/* Begin XCBuildConfiguration section */
		D70A395E1BA9D4CE00BF3177 /* Debug */ = {
			isa = XCBuildConfiguration;
			buildSettings = {
				ALWAYS_SEARCH_USER_PATHS = NO;
				CLANG_CXX_LANGUAGE_STANDARD = "gnu++0x";
				CLANG_CXX_LIBRARY = "libc++";
				CLANG_ENABLE_MODULES = YES;
				CLANG_ENABLE_OBJC_ARC = YES;
				CLANG_WARN_BOOL_CONVERSION = YES;
				CLANG_WARN_CONSTANT_CONVERSION = YES;
				CLANG_WARN_DIRECT_OBJC_ISA_USAGE = YES_ERROR;
				CLANG_WARN_EMPTY_BODY = YES;
				CLANG_WARN_ENUM_CONVERSION = YES;
				CLANG_WARN_INT_CONVERSION = YES;
				CLANG_WARN_OBJC_ROOT_CLASS = YES_ERROR;
				CLANG_WARN_UNREACHABLE_CODE = YES;
				CLANG_WARN__DUPLICATE_METHOD_MATCH = YES;
				COPY_PHASE_STRIP = NO;
				DEBUG_INFORMATION_FORMAT = dwarf;
				ENABLE_STRICT_OBJC_MSGSEND = YES;
				GCC_C_LANGUAGE_STANDARD = gnu99;
				GCC_DYNAMIC_NO_PIC = NO;
				GCC_NO_COMMON_BLOCKS = YES;
				GCC_OPTIMIZATION_LEVEL = 0;
				GCC_PREPROCESSOR_DEFINITIONS = (
					"DEBUG=1",
					"$(inherited)",
				);
				GCC_SYMBOLS_PRIVATE_EXTERN = NO;
				GCC_WARN_64_TO_32_BIT_CONVERSION = YES;
				GCC_WARN_ABOUT_RETURN_TYPE = YES_ERROR;
				GCC_WARN_UNDECLARED_SELECTOR = YES;
				GCC_WARN_UNINITIALIZED_AUTOS = YES_AGGRESSIVE;
				GCC_WARN_UNUSED_FUNCTION = YES;
				GCC_WARN_UNUSED_VARIABLE = YES;
				MACOSX_DEPLOYMENT_TARGET = 10.10;
				MTL_ENABLE_DEBUG_INFO = YES;
				ONLY_ACTIVE_ARCH = YES;
				SDKROOT = macosx;
			};
			name = Debug;
		};
		D70A395F1BA9D4CE00BF3177 /* Release */ = {
			isa = XCBuildConfiguration;
			buildSettings = {
				ALWAYS_SEARCH_USER_PATHS = NO;
				CLANG_CXX_LANGUAGE_STANDARD = "gnu++0x";
				CLANG_CXX_LIBRARY = "libc++";
				CLANG_ENABLE_MODULES = YES;
				CLANG_ENABLE_OBJC_ARC = YES;
				CLANG_WARN_BOOL_CONVERSION = YES;
				CLANG_WARN_CONSTANT_CONVERSION = YES;
				CLANG_WARN_DIRECT_OBJC_ISA_USAGE = YES_ERROR;
				CLANG_WARN_EMPTY_BODY = YES;
				CLANG_WARN_ENUM_CONVERSION = YES;
				CLANG_WARN_INT_CONVERSION = YES;
				CLANG_WARN_OBJC_ROOT_CLASS = YES_ERROR;
				CLANG_WARN_UNREACHABLE_CODE = YES;
				CLANG_WARN__DUPLICATE_METHOD_MATCH = YES;
				COPY_PHASE_STRIP = NO;
				DEBUG_INFORMATION_FORMAT = "dwarf-with-dsym";
				ENABLE_NS_ASSERTIONS = NO;
				ENABLE_STRICT_OBJC_MSGSEND = YES;
				GCC_C_LANGUAGE_STANDARD = gnu99;
				GCC_NO_COMMON_BLOCKS = YES;
				GCC_WARN_64_TO_32_BIT_CONVERSION = YES;
				GCC_WARN_ABOUT_RETURN_TYPE = YES_ERROR;
				GCC_WARN_UNDECLARED_SELECTOR = YES;
				GCC_WARN_UNINITIALIZED_AUTOS = YES_AGGRESSIVE;
				GCC_WARN_UNUSED_FUNCTION = YES;
				GCC_WARN_UNUSED_VARIABLE = YES;
				MACOSX_DEPLOYMENT_TARGET = 10.10;
				MTL_ENABLE_DEBUG_INFO = NO;
				SDKROOT = macosx;
			};
			name = Release;
		};
		D70A39611BA9D4CE00BF3177 /* Debug */ = {
			isa = XCBuildConfiguration;
			buildSettings = {
				HEADER_SEARCH_PATHS = (
					/usr/local/include,
					"$(PROJECT_DIR)/../LotusEngine/src",
				);
				LIBRARY_SEARCH_PATHS = (
					"$(inherited)",
					"$(USER_LIBRARY_DIR)/Developer/Xcode/DerivedData/Lotus-clwyoulhanyyhcgravwruhodmmml/Build/Products/Debug",
					/usr/local/Cellar/glew/1.12.0/lib,
					/usr/local/Cellar/glfw3/3.1.1/lib,
				);
				PRODUCT_NAME = "$(TARGET_NAME)";
			};
			name = Debug;
		};
		D70A39621BA9D4CE00BF3177 /* Release */ = {
			isa = XCBuildConfiguration;
			buildSettings = {
				HEADER_SEARCH_PATHS = (
					/usr/local/include,
					"$(PROJECT_DIR)/../LotusEngine/src",
				);
				LIBRARY_SEARCH_PATHS = (
					"$(inherited)",
					"$(USER_LIBRARY_DIR)/Developer/Xcode/DerivedData/Lotus-clwyoulhanyyhcgravwruhodmmml/Build/Products/Debug",
					/usr/local/Cellar/glew/1.12.0/lib,
					/usr/local/Cellar/glfw3/3.1.1/lib,
				);
				PRODUCT_NAME = "$(TARGET_NAME)";
			};
			name = Release;
		};
/* End XCBuildConfiguration section */

/* Begin XCConfigurationList section */
		D70A39541BA9D4CE00BF3177 /* Build configuration list for PBXProject "Sanbox" */ = {
			isa = XCConfigurationList;
			buildConfigurations = (
				D70A395E1BA9D4CE00BF3177 /* Debug */,
				D70A395F1BA9D4CE00BF3177 /* Release */,
			);
			defaultConfigurationIsVisible = 0;
			defaultConfigurationName = Release;
		};
		D70A39601BA9D4CE00BF3177 /* Build configuration list for PBXNativeTarget "Sanbox" */ = {
			isa = XCConfigurationList;
			buildConfigurations = (
				D70A39611BA9D4CE00BF3177 /* Debug */,
				D70A39621BA9D4CE00BF3177 /* Release */,
			);
			defaultConfigurationIsVisible = 0;
		};
/* End XCConfigurationList section */
	};
	rootObject = D70A39511BA9D4CE00BF3177 /* Project object */;
}
